// !$*UTF8*$!
{
	archiveVersion = 1;
	classes = {
	};
	objectVersion = 56;
	objects = {

/* Begin PBXBuildFile section */
		614C95CF29C08DB2004C1397 /* AppDelegate.swift in Sources */ = {isa = PBXBuildFile; fileRef = 614C95CE29C08DB2004C1397 /* AppDelegate.swift */; };
		614C95D129C08DB2004C1397 /* SceneDelegate.swift in Sources */ = {isa = PBXBuildFile; fileRef = 614C95D029C08DB2004C1397 /* SceneDelegate.swift */; };
		614C95D329C08DB2004C1397 /* ViewController.swift in Sources */ = {isa = PBXBuildFile; fileRef = 614C95D229C08DB2004C1397 /* ViewController.swift */; };
		614C95D629C08DB2004C1397 /* Main.storyboard in Resources */ = {isa = PBXBuildFile; fileRef = 614C95D429C08DB2004C1397 /* Main.storyboard */; };
		614C95D829C08DC6004C1397 /* Assets.xcassets in Resources */ = {isa = PBXBuildFile; fileRef = 614C95D729C08DC6004C1397 /* Assets.xcassets */; };
		614C95DB29C08DC6004C1397 /* LaunchScreen.storyboard in Resources */ = {isa = PBXBuildFile; fileRef = 614C95D929C08DC6004C1397 /* LaunchScreen.storyboard */; };
		614C95E629C08DC8004C1397 /* GeelyTests.swift in Sources */ = {isa = PBXBuildFile; fileRef = 614C95E529C08DC8004C1397 /* GeelyTests.swift */; };
		614C95F029C08DC8004C1397 /* GeelyUITests.swift in Sources */ = {isa = PBXBuildFile; fileRef = 614C95EF29C08DC8004C1397 /* GeelyUITests.swift */; };
		614C95F229C08DC8004C1397 /* GeelyUITestsLaunchTests.swift in Sources */ = {isa = PBXBuildFile; fileRef = 614C95F129C08DC8004C1397 /* GeelyUITestsLaunchTests.swift */; };
		614C960529C0B5A3004C1397 /* gotham_bold.otf in Resources */ = {isa = PBXBuildFile; fileRef = 614C95FE29C0B5A2004C1397 /* gotham_bold.otf */; };
		614C960629C0B5A3004C1397 /* fbspacer_black.otf in Resources */ = {isa = PBXBuildFile; fileRef = 614C95FF29C0B5A2004C1397 /* fbspacer_black.otf */; };
		614C960729C0B5A3004C1397 /* gotham_book.ttf in Resources */ = {isa = PBXBuildFile; fileRef = 614C960029C0B5A2004C1397 /* gotham_book.ttf */; };
		614C960829C0B5A3004C1397 /* fbspacer_bold.otf in Resources */ = {isa = PBXBuildFile; fileRef = 614C960129C0B5A3004C1397 /* fbspacer_bold.otf */; };
		614C960929C0B5A3004C1397 /* gotham_medium.ttf in Resources */ = {isa = PBXBuildFile; fileRef = 614C960229C0B5A3004C1397 /* gotham_medium.ttf */; };
		614C960A29C0B5A3004C1397 /* gotham_black.otf in Resources */ = {isa = PBXBuildFile; fileRef = 614C960329C0B5A3004C1397 /* gotham_black.otf */; };
		614C960B29C0B5A3004C1397 /* fbspacer_regular.otf in Resources */ = {isa = PBXBuildFile; fileRef = 614C960429C0B5A3004C1397 /* fbspacer_regular.otf */; };
		61D6059729C6860B0058E711 /* IQTextView.swift in Sources */ = {isa = PBXBuildFile; fileRef = 61D6057C29C6860B0058E711 /* IQTextView.swift */; };
		61D6059829C6860B0058E711 /* IQKeyboardManager+Internal.swift in Sources */ = {isa = PBXBuildFile; fileRef = 61D6057D29C6860B0058E711 /* IQKeyboardManager+Internal.swift */; };
		61D6059929C6860B0058E711 /* IQPreviousNextView.swift in Sources */ = {isa = PBXBuildFile; fileRef = 61D6057F29C6860B0058E711 /* IQPreviousNextView.swift */; };
		61D6059A29C6860B0058E711 /* IQTitleBarButtonItem.swift in Sources */ = {isa = PBXBuildFile; fileRef = 61D6058029C6860B0058E711 /* IQTitleBarButtonItem.swift */; };
		61D6059B29C6860B0058E711 /* IQBarButtonItem.swift in Sources */ = {isa = PBXBuildFile; fileRef = 61D6058129C6860B0058E711 /* IQBarButtonItem.swift */; };
		61D6059C29C6860B0058E711 /* IQToolbar.swift in Sources */ = {isa = PBXBuildFile; fileRef = 61D6058229C6860B0058E711 /* IQToolbar.swift */; };
		61D6059D29C6860B0058E711 /* IQUIView+IQKeyboardToolbar.swift in Sources */ = {isa = PBXBuildFile; fileRef = 61D6058329C6860B0058E711 /* IQUIView+IQKeyboardToolbar.swift */; };
		61D6059E29C6860B0058E711 /* IQInvocation.swift in Sources */ = {isa = PBXBuildFile; fileRef = 61D6058429C6860B0058E711 /* IQInvocation.swift */; };
		61D6059F29C6860B0058E711 /* IQKeyboardManager+UIKeyboardNotification.swift in Sources */ = {isa = PBXBuildFile; fileRef = 61D6058529C6860B0058E711 /* IQKeyboardManager+UIKeyboardNotification.swift */; };
		61D605A029C6860B0058E711 /* IQKeyboardManagerConstantsInternal.swift in Sources */ = {isa = PBXBuildFile; fileRef = 61D6058729C6860B0058E711 /* IQKeyboardManagerConstantsInternal.swift */; };
		61D605A129C6860B0058E711 /* IQKeyboardManagerConstants.swift in Sources */ = {isa = PBXBuildFile; fileRef = 61D6058829C6860B0058E711 /* IQKeyboardManagerConstants.swift */; };
		61D605A229C6860B0058E711 /* IQKeyboardManager+Position.swift in Sources */ = {isa = PBXBuildFile; fileRef = 61D6058929C6860B0058E711 /* IQKeyboardManager+Position.swift */; };
		61D605A329C6860B0058E711 /* IQKeyboardReturnKeyHandler.swift in Sources */ = {isa = PBXBuildFile; fileRef = 61D6058A29C6860B0058E711 /* IQKeyboardReturnKeyHandler.swift */; };
		61D605A429C6860B0058E711 /* IQKeyboardManager.swift in Sources */ = {isa = PBXBuildFile; fileRef = 61D6058B29C6860B0058E711 /* IQKeyboardManager.swift */; };
		61D605A529C6860B0058E711 /* IQKeyboardManager+Debug.swift in Sources */ = {isa = PBXBuildFile; fileRef = 61D6058C29C6860B0058E711 /* IQKeyboardManager+Debug.swift */; };
		61D605A629C6860B0058E711 /* IQKeyboardManager+OrientationNotification.swift in Sources */ = {isa = PBXBuildFile; fileRef = 61D6058D29C6860B0058E711 /* IQKeyboardManager+OrientationNotification.swift */; };
		61D605A729C6860B0058E711 /* IQKeyboardManager+Toolbar.swift in Sources */ = {isa = PBXBuildFile; fileRef = 61D6058E29C6860B0058E711 /* IQKeyboardManager+Toolbar.swift */; };
		61D605A829C6860B0058E711 /* IQUIScrollView+Additions.swift in Sources */ = {isa = PBXBuildFile; fileRef = 61D6059129C6860B0058E711 /* IQUIScrollView+Additions.swift */; };
		61D605A929C6860B0058E711 /* IQUIViewController+Additions.swift in Sources */ = {isa = PBXBuildFile; fileRef = 61D6059229C6860B0058E711 /* IQUIViewController+Additions.swift */; };
		61D605AA29C6860B0058E711 /* IQUITextFieldView+Additions.swift in Sources */ = {isa = PBXBuildFile; fileRef = 61D6059329C6860B0058E711 /* IQUITextFieldView+Additions.swift */; };
		61D605AB29C6860B0058E711 /* IQUIView+Hierarchy.swift in Sources */ = {isa = PBXBuildFile; fileRef = 61D6059429C6860B0058E711 /* IQUIView+Hierarchy.swift */; };
		61D605AC29C6860B0058E711 /* IQNSArray+Sort.swift in Sources */ = {isa = PBXBuildFile; fileRef = 61D6059529C6860B0058E711 /* IQNSArray+Sort.swift */; };
		61D605AD29C6860B0058E711 /* IQKeyboardManager+UITextFieldViewNotification.swift in Sources */ = {isa = PBXBuildFile; fileRef = 61D6059629C6860B0058E711 /* IQKeyboardManager+UITextFieldViewNotification.swift */; };
/* End PBXBuildFile section */

/* Begin PBXContainerItemProxy section */
		614C95E229C08DC8004C1397 /* PBXContainerItemProxy */ = {
			isa = PBXContainerItemProxy;
			containerPortal = 614C95C329C08DB2004C1397 /* Project object */;
			proxyType = 1;
			remoteGlobalIDString = 614C95CA29C08DB2004C1397;
			remoteInfo = Geely;
		};
		614C95EC29C08DC8004C1397 /* PBXContainerItemProxy */ = {
			isa = PBXContainerItemProxy;
			containerPortal = 614C95C329C08DB2004C1397 /* Project object */;
			proxyType = 1;
			remoteGlobalIDString = 614C95CA29C08DB2004C1397;
			remoteInfo = Geely;
		};
/* End PBXContainerItemProxy section */

/* Begin PBXFileReference section */
		614C95CB29C08DB2004C1397 /* Geely.app */ = {isa = PBXFileReference; explicitFileType = wrapper.application; includeInIndex = 0; path = Geely.app; sourceTree = BUILT_PRODUCTS_DIR; };
		614C95CE29C08DB2004C1397 /* AppDelegate.swift */ = {isa = PBXFileReference; lastKnownFileType = sourcecode.swift; path = AppDelegate.swift; sourceTree = "<group>"; };
		614C95D029C08DB2004C1397 /* SceneDelegate.swift */ = {isa = PBXFileReference; lastKnownFileType = sourcecode.swift; path = SceneDelegate.swift; sourceTree = "<group>"; };
		614C95D229C08DB2004C1397 /* ViewController.swift */ = {isa = PBXFileReference; lastKnownFileType = sourcecode.swift; path = ViewController.swift; sourceTree = "<group>"; };
		614C95D529C08DB2004C1397 /* Base */ = {isa = PBXFileReference; lastKnownFileType = file.storyboard; name = Base; path = Base.lproj/Main.storyboard; sourceTree = "<group>"; };
		614C95D729C08DC6004C1397 /* Assets.xcassets */ = {isa = PBXFileReference; lastKnownFileType = folder.assetcatalog; path = Assets.xcassets; sourceTree = "<group>"; };
		614C95DA29C08DC6004C1397 /* Base */ = {isa = PBXFileReference; lastKnownFileType = file.storyboard; name = Base; path = Base.lproj/LaunchScreen.storyboard; sourceTree = "<group>"; };
		614C95DC29C08DC6004C1397 /* Info.plist */ = {isa = PBXFileReference; lastKnownFileType = text.plist.xml; path = Info.plist; sourceTree = "<group>"; };
		614C95E129C08DC8004C1397 /* GeelyTests.xctest */ = {isa = PBXFileReference; explicitFileType = wrapper.cfbundle; includeInIndex = 0; path = GeelyTests.xctest; sourceTree = BUILT_PRODUCTS_DIR; };
		614C95E529C08DC8004C1397 /* GeelyTests.swift */ = {isa = PBXFileReference; lastKnownFileType = sourcecode.swift; path = GeelyTests.swift; sourceTree = "<group>"; };
		614C95EB29C08DC8004C1397 /* GeelyUITests.xctest */ = {isa = PBXFileReference; explicitFileType = wrapper.cfbundle; includeInIndex = 0; path = GeelyUITests.xctest; sourceTree = BUILT_PRODUCTS_DIR; };
		614C95EF29C08DC8004C1397 /* GeelyUITests.swift */ = {isa = PBXFileReference; lastKnownFileType = sourcecode.swift; path = GeelyUITests.swift; sourceTree = "<group>"; };
		614C95F129C08DC8004C1397 /* GeelyUITestsLaunchTests.swift */ = {isa = PBXFileReference; lastKnownFileType = sourcecode.swift; path = GeelyUITestsLaunchTests.swift; sourceTree = "<group>"; };
		614C95FE29C0B5A2004C1397 /* gotham_bold.otf */ = {isa = PBXFileReference; lastKnownFileType = file; name = gotham_bold.otf; path = ../../../Downloads/font/gotham_bold.otf; sourceTree = "<group>"; };
		614C95FF29C0B5A2004C1397 /* fbspacer_black.otf */ = {isa = PBXFileReference; lastKnownFileType = file; name = fbspacer_black.otf; path = ../../../Downloads/font/fbspacer_black.otf; sourceTree = "<group>"; };
		614C960029C0B5A2004C1397 /* gotham_book.ttf */ = {isa = PBXFileReference; lastKnownFileType = file; name = gotham_book.ttf; path = ../../../Downloads/font/gotham_book.ttf; sourceTree = "<group>"; };
		614C960129C0B5A3004C1397 /* fbspacer_bold.otf */ = {isa = PBXFileReference; lastKnownFileType = file; name = fbspacer_bold.otf; path = ../../../Downloads/font/fbspacer_bold.otf; sourceTree = "<group>"; };
		614C960229C0B5A3004C1397 /* gotham_medium.ttf */ = {isa = PBXFileReference; lastKnownFileType = file; name = gotham_medium.ttf; path = ../../../Downloads/font/gotham_medium.ttf; sourceTree = "<group>"; };
		614C960329C0B5A3004C1397 /* gotham_black.otf */ = {isa = PBXFileReference; lastKnownFileType = file; name = gotham_black.otf; path = ../../../Downloads/font/gotham_black.otf; sourceTree = "<group>"; };
		614C960429C0B5A3004C1397 /* fbspacer_regular.otf */ = {isa = PBXFileReference; lastKnownFileType = file; name = fbspacer_regular.otf; path = ../../../Downloads/font/fbspacer_regular.otf; sourceTree = "<group>"; };
		61D6057C29C6860B0058E711 /* IQTextView.swift */ = {isa = PBXFileReference; fileEncoding = 4; lastKnownFileType = sourcecode.swift; path = IQTextView.swift; sourceTree = "<group>"; };
		61D6057D29C6860B0058E711 /* IQKeyboardManager+Internal.swift */ = {isa = PBXFileReference; fileEncoding = 4; lastKnownFileType = sourcecode.swift; path = "IQKeyboardManager+Internal.swift"; sourceTree = "<group>"; };
		61D6057F29C6860B0058E711 /* IQPreviousNextView.swift */ = {isa = PBXFileReference; fileEncoding = 4; lastKnownFileType = sourcecode.swift; path = IQPreviousNextView.swift; sourceTree = "<group>"; };
		61D6058029C6860B0058E711 /* IQTitleBarButtonItem.swift */ = {isa = PBXFileReference; fileEncoding = 4; lastKnownFileType = sourcecode.swift; path = IQTitleBarButtonItem.swift; sourceTree = "<group>"; };
		61D6058129C6860B0058E711 /* IQBarButtonItem.swift */ = {isa = PBXFileReference; fileEncoding = 4; lastKnownFileType = sourcecode.swift; path = IQBarButtonItem.swift; sourceTree = "<group>"; };
		61D6058229C6860B0058E711 /* IQToolbar.swift */ = {isa = PBXFileReference; fileEncoding = 4; lastKnownFileType = sourcecode.swift; path = IQToolbar.swift; sourceTree = "<group>"; };
		61D6058329C6860B0058E711 /* IQUIView+IQKeyboardToolbar.swift */ = {isa = PBXFileReference; fileEncoding = 4; lastKnownFileType = sourcecode.swift; path = "IQUIView+IQKeyboardToolbar.swift"; sourceTree = "<group>"; };
		61D6058429C6860B0058E711 /* IQInvocation.swift */ = {isa = PBXFileReference; fileEncoding = 4; lastKnownFileType = sourcecode.swift; path = IQInvocation.swift; sourceTree = "<group>"; };
		61D6058529C6860B0058E711 /* IQKeyboardManager+UIKeyboardNotification.swift */ = {isa = PBXFileReference; fileEncoding = 4; lastKnownFileType = sourcecode.swift; path = "IQKeyboardManager+UIKeyboardNotification.swift"; sourceTree = "<group>"; };
		61D6058729C6860B0058E711 /* IQKeyboardManagerConstantsInternal.swift */ = {isa = PBXFileReference; fileEncoding = 4; lastKnownFileType = sourcecode.swift; path = IQKeyboardManagerConstantsInternal.swift; sourceTree = "<group>"; };
		61D6058829C6860B0058E711 /* IQKeyboardManagerConstants.swift */ = {isa = PBXFileReference; fileEncoding = 4; lastKnownFileType = sourcecode.swift; path = IQKeyboardManagerConstants.swift; sourceTree = "<group>"; };
		61D6058929C6860B0058E711 /* IQKeyboardManager+Position.swift */ = {isa = PBXFileReference; fileEncoding = 4; lastKnownFileType = sourcecode.swift; path = "IQKeyboardManager+Position.swift"; sourceTree = "<group>"; };
		61D6058A29C6860B0058E711 /* IQKeyboardReturnKeyHandler.swift */ = {isa = PBXFileReference; fileEncoding = 4; lastKnownFileType = sourcecode.swift; path = IQKeyboardReturnKeyHandler.swift; sourceTree = "<group>"; };
		61D6058B29C6860B0058E711 /* IQKeyboardManager.swift */ = {isa = PBXFileReference; fileEncoding = 4; lastKnownFileType = sourcecode.swift; path = IQKeyboardManager.swift; sourceTree = "<group>"; };
		61D6058C29C6860B0058E711 /* IQKeyboardManager+Debug.swift */ = {isa = PBXFileReference; fileEncoding = 4; lastKnownFileType = sourcecode.swift; path = "IQKeyboardManager+Debug.swift"; sourceTree = "<group>"; };
		61D6058D29C6860B0058E711 /* IQKeyboardManager+OrientationNotification.swift */ = {isa = PBXFileReference; fileEncoding = 4; lastKnownFileType = sourcecode.swift; path = "IQKeyboardManager+OrientationNotification.swift"; sourceTree = "<group>"; };
		61D6058E29C6860B0058E711 /* IQKeyboardManager+Toolbar.swift */ = {isa = PBXFileReference; fileEncoding = 4; lastKnownFileType = sourcecode.swift; path = "IQKeyboardManager+Toolbar.swift"; sourceTree = "<group>"; };
		61D6058F29C6860B0058E711 /* IQKeyboardManagerSwift.h */ = {isa = PBXFileReference; fileEncoding = 4; lastKnownFileType = sourcecode.c.h; path = IQKeyboardManagerSwift.h; sourceTree = "<group>"; };
		61D6059129C6860B0058E711 /* IQUIScrollView+Additions.swift */ = {isa = PBXFileReference; fileEncoding = 4; lastKnownFileType = sourcecode.swift; path = "IQUIScrollView+Additions.swift"; sourceTree = "<group>"; };
		61D6059229C6860B0058E711 /* IQUIViewController+Additions.swift */ = {isa = PBXFileReference; fileEncoding = 4; lastKnownFileType = sourcecode.swift; path = "IQUIViewController+Additions.swift"; sourceTree = "<group>"; };
		61D6059329C6860B0058E711 /* IQUITextFieldView+Additions.swift */ = {isa = PBXFileReference; fileEncoding = 4; lastKnownFileType = sourcecode.swift; path = "IQUITextFieldView+Additions.swift"; sourceTree = "<group>"; };
		61D6059429C6860B0058E711 /* IQUIView+Hierarchy.swift */ = {isa = PBXFileReference; fileEncoding = 4; lastKnownFileType = sourcecode.swift; path = "IQUIView+Hierarchy.swift"; sourceTree = "<group>"; };
		61D6059529C6860B0058E711 /* IQNSArray+Sort.swift */ = {isa = PBXFileReference; fileEncoding = 4; lastKnownFileType = sourcecode.swift; path = "IQNSArray+Sort.swift"; sourceTree = "<group>"; };
		61D6059629C6860B0058E711 /* IQKeyboardManager+UITextFieldViewNotification.swift */ = {isa = PBXFileReference; fileEncoding = 4; lastKnownFileType = sourcecode.swift; path = "IQKeyboardManager+UITextFieldViewNotification.swift"; sourceTree = "<group>"; };
/* End PBXFileReference section */

/* Begin PBXFrameworksBuildPhase section */
		614C95C829C08DB2004C1397 /* Frameworks */ = {
			isa = PBXFrameworksBuildPhase;
			buildActionMask = 2147483647;
			files = (
			);
			runOnlyForDeploymentPostprocessing = 0;
		};
		614C95DE29C08DC8004C1397 /* Frameworks */ = {
			isa = PBXFrameworksBuildPhase;
			buildActionMask = 2147483647;
			files = (
			);
			runOnlyForDeploymentPostprocessing = 0;
		};
		614C95E829C08DC8004C1397 /* Frameworks */ = {
			isa = PBXFrameworksBuildPhase;
			buildActionMask = 2147483647;
			files = (
			);
			runOnlyForDeploymentPostprocessing = 0;
		};
/* End PBXFrameworksBuildPhase section */

/* Begin PBXGroup section */
		614C95C229C08DB2004C1397 = {
			isa = PBXGroup;
			children = (
				614C95FF29C0B5A2004C1397 /* fbspacer_black.otf */,
				614C960129C0B5A3004C1397 /* fbspacer_bold.otf */,
				614C960429C0B5A3004C1397 /* fbspacer_regular.otf */,
				614C960329C0B5A3004C1397 /* gotham_black.otf */,
				614C95FE29C0B5A2004C1397 /* gotham_bold.otf */,
				614C960029C0B5A2004C1397 /* gotham_book.ttf */,
				614C960229C0B5A3004C1397 /* gotham_medium.ttf */,
				614C95CD29C08DB2004C1397 /* Geely */,
				614C95E429C08DC8004C1397 /* GeelyTests */,
				614C95EE29C08DC8004C1397 /* GeelyUITests */,
				614C95CC29C08DB2004C1397 /* Products */,
			);
			sourceTree = "<group>";
		};
		614C95CC29C08DB2004C1397 /* Products */ = {
			isa = PBXGroup;
			children = (
				614C95CB29C08DB2004C1397 /* Geely.app */,
				614C95E129C08DC8004C1397 /* GeelyTests.xctest */,
				614C95EB29C08DC8004C1397 /* GeelyUITests.xctest */,
			);
			name = Products;
			sourceTree = "<group>";
		};
		614C95CD29C08DB2004C1397 /* Geely */ = {
			isa = PBXGroup;
			children = (
				61D6057A29C6860B0058E711 /* IQKeyboardManagerSwift */,
				614C95CE29C08DB2004C1397 /* AppDelegate.swift */,
				614C95D029C08DB2004C1397 /* SceneDelegate.swift */,
				614C95D229C08DB2004C1397 /* ViewController.swift */,
				614C95D429C08DB2004C1397 /* Main.storyboard */,
				614C95D729C08DC6004C1397 /* Assets.xcassets */,
				614C95D929C08DC6004C1397 /* LaunchScreen.storyboard */,
				614C95DC29C08DC6004C1397 /* Info.plist */,
			);
			path = Geely;
			sourceTree = "<group>";
		};
		614C95E429C08DC8004C1397 /* GeelyTests */ = {
			isa = PBXGroup;
			children = (
				614C95E529C08DC8004C1397 /* GeelyTests.swift */,
			);
			path = GeelyTests;
			sourceTree = "<group>";
		};
		614C95EE29C08DC8004C1397 /* GeelyUITests */ = {
			isa = PBXGroup;
			children = (
				614C95EF29C08DC8004C1397 /* GeelyUITests.swift */,
				614C95F129C08DC8004C1397 /* GeelyUITestsLaunchTests.swift */,
			);
			path = GeelyUITests;
			sourceTree = "<group>";
		};
		61D6057A29C6860B0058E711 /* IQKeyboardManagerSwift */ = {
			isa = PBXGroup;
			children = (
				61D6057B29C6860B0058E711 /* IQTextView */,
				61D6057D29C6860B0058E711 /* IQKeyboardManager+Internal.swift */,
				61D6057E29C6860B0058E711 /* IQToolbar */,
				61D6058529C6860B0058E711 /* IQKeyboardManager+UIKeyboardNotification.swift */,
				61D6058629C6860B0058E711 /* Constants */,
				61D6058929C6860B0058E711 /* IQKeyboardManager+Position.swift */,
				61D6058A29C6860B0058E711 /* IQKeyboardReturnKeyHandler.swift */,
				61D6058B29C6860B0058E711 /* IQKeyboardManager.swift */,
				61D6058C29C6860B0058E711 /* IQKeyboardManager+Debug.swift */,
				61D6058D29C6860B0058E711 /* IQKeyboardManager+OrientationNotification.swift */,
				61D6058E29C6860B0058E711 /* IQKeyboardManager+Toolbar.swift */,
				61D6058F29C6860B0058E711 /* IQKeyboardManagerSwift.h */,
				61D6059029C6860B0058E711 /* Categories */,
				61D6059629C6860B0058E711 /* IQKeyboardManager+UITextFieldViewNotification.swift */,
			);
			name = IQKeyboardManagerSwift;
			path = "../../../IQKeyboardManager-master/IQKeyboardManagerSwift";
			sourceTree = "<group>";
		};
		61D6057B29C6860B0058E711 /* IQTextView */ = {
			isa = PBXGroup;
			children = (
				61D6057C29C6860B0058E711 /* IQTextView.swift */,
			);
			path = IQTextView;
			sourceTree = "<group>";
		};
		61D6057E29C6860B0058E711 /* IQToolbar */ = {
			isa = PBXGroup;
			children = (
				61D6057F29C6860B0058E711 /* IQPreviousNextView.swift */,
				61D6058029C6860B0058E711 /* IQTitleBarButtonItem.swift */,
				61D6058129C6860B0058E711 /* IQBarButtonItem.swift */,
				61D6058229C6860B0058E711 /* IQToolbar.swift */,
				61D6058329C6860B0058E711 /* IQUIView+IQKeyboardToolbar.swift */,
				61D6058429C6860B0058E711 /* IQInvocation.swift */,
			);
			path = IQToolbar;
			sourceTree = "<group>";
		};
		61D6058629C6860B0058E711 /* Constants */ = {
			isa = PBXGroup;
			children = (
				61D6058729C6860B0058E711 /* IQKeyboardManagerConstantsInternal.swift */,
				61D6058829C6860B0058E711 /* IQKeyboardManagerConstants.swift */,
			);
			path = Constants;
			sourceTree = "<group>";
		};
		61D6059029C6860B0058E711 /* Categories */ = {
			isa = PBXGroup;
			children = (
				61D6059129C6860B0058E711 /* IQUIScrollView+Additions.swift */,
				61D6059229C6860B0058E711 /* IQUIViewController+Additions.swift */,
				61D6059329C6860B0058E711 /* IQUITextFieldView+Additions.swift */,
				61D6059429C6860B0058E711 /* IQUIView+Hierarchy.swift */,
				61D6059529C6860B0058E711 /* IQNSArray+Sort.swift */,
			);
			path = Categories;
			sourceTree = "<group>";
		};
/* End PBXGroup section */

/* Begin PBXNativeTarget section */
		614C95CA29C08DB2004C1397 /* Geely */ = {
			isa = PBXNativeTarget;
			buildConfigurationList = 614C95F529C08DC8004C1397 /* Build configuration list for PBXNativeTarget "Geely" */;
			buildPhases = (
				614C95C729C08DB2004C1397 /* Sources */,
				614C95C829C08DB2004C1397 /* Frameworks */,
				614C95C929C08DB2004C1397 /* Resources */,
			);
			buildRules = (
			);
			dependencies = (
			);
			name = Geely;
			productName = Geely;
			productReference = 614C95CB29C08DB2004C1397 /* Geely.app */;
			productType = "com.apple.product-type.application";
		};
		614C95E029C08DC8004C1397 /* GeelyTests */ = {
			isa = PBXNativeTarget;
			buildConfigurationList = 614C95F829C08DC8004C1397 /* Build configuration list for PBXNativeTarget "GeelyTests" */;
			buildPhases = (
				614C95DD29C08DC8004C1397 /* Sources */,
				614C95DE29C08DC8004C1397 /* Frameworks */,
				614C95DF29C08DC8004C1397 /* Resources */,
			);
			buildRules = (
			);
			dependencies = (
				614C95E329C08DC8004C1397 /* PBXTargetDependency */,
			);
			name = GeelyTests;
			productName = GeelyTests;
			productReference = 614C95E129C08DC8004C1397 /* GeelyTests.xctest */;
			productType = "com.apple.product-type.bundle.unit-test";
		};
		614C95EA29C08DC8004C1397 /* GeelyUITests */ = {
			isa = PBXNativeTarget;
			buildConfigurationList = 614C95FB29C08DC8004C1397 /* Build configuration list for PBXNativeTarget "GeelyUITests" */;
			buildPhases = (
				614C95E729C08DC8004C1397 /* Sources */,
				614C95E829C08DC8004C1397 /* Frameworks */,
				614C95E929C08DC8004C1397 /* Resources */,
			);
			buildRules = (
			);
			dependencies = (
				614C95ED29C08DC8004C1397 /* PBXTargetDependency */,
			);
			name = GeelyUITests;
			productName = GeelyUITests;
			productReference = 614C95EB29C08DC8004C1397 /* GeelyUITests.xctest */;
			productType = "com.apple.product-type.bundle.ui-testing";
		};
/* End PBXNativeTarget section */

/* Begin PBXProject section */
		614C95C329C08DB2004C1397 /* Project object */ = {
			isa = PBXProject;
			attributes = {
				BuildIndependentTargetsInParallel = 1;
				LastSwiftUpdateCheck = 1420;
				LastUpgradeCheck = 1420;
				TargetAttributes = {
					614C95CA29C08DB2004C1397 = {
						CreatedOnToolsVersion = 14.2;
					};
					614C95E029C08DC8004C1397 = {
						CreatedOnToolsVersion = 14.2;
						TestTargetID = 614C95CA29C08DB2004C1397;
					};
					614C95EA29C08DC8004C1397 = {
						CreatedOnToolsVersion = 14.2;
						TestTargetID = 614C95CA29C08DB2004C1397;
					};
				};
			};
			buildConfigurationList = 614C95C629C08DB2004C1397 /* Build configuration list for PBXProject "Geely" */;
			compatibilityVersion = "Xcode 14.0";
			developmentRegion = en;
			hasScannedForEncodings = 0;
			knownRegions = (
				en,
				Base,
			);
			mainGroup = 614C95C229C08DB2004C1397;
			productRefGroup = 614C95CC29C08DB2004C1397 /* Products */;
			projectDirPath = "";
			projectRoot = "";
			targets = (
				614C95CA29C08DB2004C1397 /* Geely */,
				614C95E029C08DC8004C1397 /* GeelyTests */,
				614C95EA29C08DC8004C1397 /* GeelyUITests */,
			);
		};
/* End PBXProject section */

/* Begin PBXResourcesBuildPhase section */
		614C95C929C08DB2004C1397 /* Resources */ = {
			isa = PBXResourcesBuildPhase;
			buildActionMask = 2147483647;
			files = (
				614C960529C0B5A3004C1397 /* gotham_bold.otf in Resources */,
				614C960629C0B5A3004C1397 /* fbspacer_black.otf in Resources */,
				614C960729C0B5A3004C1397 /* gotham_book.ttf in Resources */,
				614C960829C0B5A3004C1397 /* fbspacer_bold.otf in Resources */,
				614C960929C0B5A3004C1397 /* gotham_medium.ttf in Resources */,
				614C960A29C0B5A3004C1397 /* gotham_black.otf in Resources */,
				614C960B29C0B5A3004C1397 /* fbspacer_regular.otf in Resources */,
				614C95DB29C08DC6004C1397 /* LaunchScreen.storyboard in Resources */,
				614C95D829C08DC6004C1397 /* Assets.xcassets in Resources */,
				614C95D629C08DB2004C1397 /* Main.storyboard in Resources */,
			);
			runOnlyForDeploymentPostprocessing = 0;
		};
		614C95DF29C08DC8004C1397 /* Resources */ = {
			isa = PBXResourcesBuildPhase;
			buildActionMask = 2147483647;
			files = (
			);
			runOnlyForDeploymentPostprocessing = 0;
		};
		614C95E929C08DC8004C1397 /* Resources */ = {
			isa = PBXResourcesBuildPhase;
			buildActionMask = 2147483647;
			files = (
			);
			runOnlyForDeploymentPostprocessing = 0;
		};
/* End PBXResourcesBuildPhase section */

/* Begin PBXSourcesBuildPhase section */
		614C95C729C08DB2004C1397 /* Sources */ = {
			isa = PBXSourcesBuildPhase;
			buildActionMask = 2147483647;
			files = (
				614C95D329C08DB2004C1397 /* ViewController.swift in Sources */,
				61D605AC29C6860B0058E711 /* IQNSArray+Sort.swift in Sources */,
				61D6059E29C6860B0058E711 /* IQInvocation.swift in Sources */,
				61D6059729C6860B0058E711 /* IQTextView.swift in Sources */,
				61D6059B29C6860B0058E711 /* IQBarButtonItem.swift in Sources */,
				61D6059929C6860B0058E711 /* IQPreviousNextView.swift in Sources */,
				61D605A829C6860B0058E711 /* IQUIScrollView+Additions.swift in Sources */,
				61D6059829C6860B0058E711 /* IQKeyboardManager+Internal.swift in Sources */,
				61D605AA29C6860B0058E711 /* IQUITextFieldView+Additions.swift in Sources */,
				614C95CF29C08DB2004C1397 /* AppDelegate.swift in Sources */,
				614C95D129C08DB2004C1397 /* SceneDelegate.swift in Sources */,
				61D605A129C6860B0058E711 /* IQKeyboardManagerConstants.swift in Sources */,
				61D6059F29C6860B0058E711 /* IQKeyboardManager+UIKeyboardNotification.swift in Sources */,
				61D605A329C6860B0058E711 /* IQKeyboardReturnKeyHandler.swift in Sources */,
				61D605AD29C6860B0058E711 /* IQKeyboardManager+UITextFieldViewNotification.swift in Sources */,
				61D605A629C6860B0058E711 /* IQKeyboardManager+OrientationNotification.swift in Sources */,
				61D605A429C6860B0058E711 /* IQKeyboardManager.swift in Sources */,
				61D605A929C6860B0058E711 /* IQUIViewController+Additions.swift in Sources */,
				61D605AB29C6860B0058E711 /* IQUIView+Hierarchy.swift in Sources */,
				61D605A529C6860B0058E711 /* IQKeyboardManager+Debug.swift in Sources */,
				61D605A729C6860B0058E711 /* IQKeyboardManager+Toolbar.swift in Sources */,
				61D6059A29C6860B0058E711 /* IQTitleBarButtonItem.swift in Sources */,
				61D605A229C6860B0058E711 /* IQKeyboardManager+Position.swift in Sources */,
				61D6059D29C6860B0058E711 /* IQUIView+IQKeyboardToolbar.swift in Sources */,
				61D605A029C6860B0058E711 /* IQKeyboardManagerConstantsInternal.swift in Sources */,
				61D6059C29C6860B0058E711 /* IQToolbar.swift in Sources */,
			);
			runOnlyForDeploymentPostprocessing = 0;
		};
		614C95DD29C08DC8004C1397 /* Sources */ = {
			isa = PBXSourcesBuildPhase;
			buildActionMask = 2147483647;
			files = (
				614C95E629C08DC8004C1397 /* GeelyTests.swift in Sources */,
			);
			runOnlyForDeploymentPostprocessing = 0;
		};
		614C95E729C08DC8004C1397 /* Sources */ = {
			isa = PBXSourcesBuildPhase;
			buildActionMask = 2147483647;
			files = (
				614C95F029C08DC8004C1397 /* GeelyUITests.swift in Sources */,
				614C95F229C08DC8004C1397 /* GeelyUITestsLaunchTests.swift in Sources */,
			);
			runOnlyForDeploymentPostprocessing = 0;
		};
/* End PBXSourcesBuildPhase section */

/* Begin PBXTargetDependency section */
		614C95E329C08DC8004C1397 /* PBXTargetDependency */ = {
			isa = PBXTargetDependency;
			target = 614C95CA29C08DB2004C1397 /* Geely */;
			targetProxy = 614C95E229C08DC8004C1397 /* PBXContainerItemProxy */;
		};
		614C95ED29C08DC8004C1397 /* PBXTargetDependency */ = {
			isa = PBXTargetDependency;
			target = 614C95CA29C08DB2004C1397 /* Geely */;
			targetProxy = 614C95EC29C08DC8004C1397 /* PBXContainerItemProxy */;
		};
/* End PBXTargetDependency section */

/* Begin PBXVariantGroup section */
		614C95D429C08DB2004C1397 /* Main.storyboard */ = {
			isa = PBXVariantGroup;
			children = (
				614C95D529C08DB2004C1397 /* Base */,
			);
			name = Main.storyboard;
			sourceTree = "<group>";
		};
		614C95D929C08DC6004C1397 /* LaunchScreen.storyboard */ = {
			isa = PBXVariantGroup;
			children = (
				614C95DA29C08DC6004C1397 /* Base */,
			);
			name = LaunchScreen.storyboard;
			sourceTree = "<group>";
		};
/* End PBXVariantGroup section */

/* Begin XCBuildConfiguration section */
		614C95F329C08DC8004C1397 /* Debug */ = {
			isa = XCBuildConfiguration;
			buildSettings = {
				ALWAYS_SEARCH_USER_PATHS = NO;
				CLANG_ANALYZER_NONNULL = YES;
				CLANG_ANALYZER_NUMBER_OBJECT_CONVERSION = YES_AGGRESSIVE;
				CLANG_CXX_LANGUAGE_STANDARD = "gnu++20";
				CLANG_ENABLE_MODULES = YES;
				CLANG_ENABLE_OBJC_ARC = YES;
				CLANG_ENABLE_OBJC_WEAK = YES;
				CLANG_WARN_BLOCK_CAPTURE_AUTORELEASING = YES;
				CLANG_WARN_BOOL_CONVERSION = YES;
				CLANG_WARN_COMMA = YES;
				CLANG_WARN_CONSTANT_CONVERSION = YES;
				CLANG_WARN_DEPRECATED_OBJC_IMPLEMENTATIONS = YES;
				CLANG_WARN_DIRECT_OBJC_ISA_USAGE = YES_ERROR;
				CLANG_WARN_DOCUMENTATION_COMMENTS = YES;
				CLANG_WARN_EMPTY_BODY = YES;
				CLANG_WARN_ENUM_CONVERSION = YES;
				CLANG_WARN_INFINITE_RECURSION = YES;
				CLANG_WARN_INT_CONVERSION = YES;
				CLANG_WARN_NON_LITERAL_NULL_CONVERSION = YES;
				CLANG_WARN_OBJC_IMPLICIT_RETAIN_SELF = YES;
				CLANG_WARN_OBJC_LITERAL_CONVERSION = YES;
				CLANG_WARN_OBJC_ROOT_CLASS = YES_ERROR;
				CLANG_WARN_QUOTED_INCLUDE_IN_FRAMEWORK_HEADER = YES;
				CLANG_WARN_RANGE_LOOP_ANALYSIS = YES;
				CLANG_WARN_STRICT_PROTOTYPES = YES;
				CLANG_WARN_SUSPICIOUS_MOVE = YES;
				CLANG_WARN_UNGUARDED_AVAILABILITY = YES_AGGRESSIVE;
				CLANG_WARN_UNREACHABLE_CODE = YES;
				CLANG_WARN__DUPLICATE_METHOD_MATCH = YES;
				COPY_PHASE_STRIP = NO;
				DEBUG_INFORMATION_FORMAT = dwarf;
				ENABLE_STRICT_OBJC_MSGSEND = YES;
				ENABLE_TESTABILITY = YES;
				GCC_C_LANGUAGE_STANDARD = gnu11;
				GCC_DYNAMIC_NO_PIC = NO;
				GCC_NO_COMMON_BLOCKS = YES;
				GCC_OPTIMIZATION_LEVEL = 0;
				GCC_PREPROCESSOR_DEFINITIONS = (
					"DEBUG=1",
					"$(inherited)",
				);
				GCC_WARN_64_TO_32_BIT_CONVERSION = YES;
				GCC_WARN_ABOUT_RETURN_TYPE = YES_ERROR;
				GCC_WARN_UNDECLARED_SELECTOR = YES;
				GCC_WARN_UNINITIALIZED_AUTOS = YES_AGGRESSIVE;
				GCC_WARN_UNUSED_FUNCTION = YES;
				GCC_WARN_UNUSED_VARIABLE = YES;
				IPHONEOS_DEPLOYMENT_TARGET = 16.2;
				MTL_ENABLE_DEBUG_INFO = INCLUDE_SOURCE;
				MTL_FAST_MATH = YES;
				ONLY_ACTIVE_ARCH = YES;
				SDKROOT = iphoneos;
				SWIFT_ACTIVE_COMPILATION_CONDITIONS = DEBUG;
				SWIFT_OPTIMIZATION_LEVEL = "-Onone";
			};
			name = Debug;
		};
		614C95F429C08DC8004C1397 /* Release */ = {
			isa = XCBuildConfiguration;
			buildSettings = {
				ALWAYS_SEARCH_USER_PATHS = NO;
				CLANG_ANALYZER_NONNULL = YES;
				CLANG_ANALYZER_NUMBER_OBJECT_CONVERSION = YES_AGGRESSIVE;
				CLANG_CXX_LANGUAGE_STANDARD = "gnu++20";
				CLANG_ENABLE_MODULES = YES;
				CLANG_ENABLE_OBJC_ARC = YES;
				CLANG_ENABLE_OBJC_WEAK = YES;
				CLANG_WARN_BLOCK_CAPTURE_AUTORELEASING = YES;
				CLANG_WARN_BOOL_CONVERSION = YES;
				CLANG_WARN_COMMA = YES;
				CLANG_WARN_CONSTANT_CONVERSION = YES;
				CLANG_WARN_DEPRECATED_OBJC_IMPLEMENTATIONS = YES;
				CLANG_WARN_DIRECT_OBJC_ISA_USAGE = YES_ERROR;
				CLANG_WARN_DOCUMENTATION_COMMENTS = YES;
				CLANG_WARN_EMPTY_BODY = YES;
				CLANG_WARN_ENUM_CONVERSION = YES;
				CLANG_WARN_INFINITE_RECURSION = YES;
				CLANG_WARN_INT_CONVERSION = YES;
				CLANG_WARN_NON_LITERAL_NULL_CONVERSION = YES;
				CLANG_WARN_OBJC_IMPLICIT_RETAIN_SELF = YES;
				CLANG_WARN_OBJC_LITERAL_CONVERSION = YES;
				CLANG_WARN_OBJC_ROOT_CLASS = YES_ERROR;
				CLANG_WARN_QUOTED_INCLUDE_IN_FRAMEWORK_HEADER = YES;
				CLANG_WARN_RANGE_LOOP_ANALYSIS = YES;
				CLANG_WARN_STRICT_PROTOTYPES = YES;
				CLANG_WARN_SUSPICIOUS_MOVE = YES;
				CLANG_WARN_UNGUARDED_AVAILABILITY = YES_AGGRESSIVE;
				CLANG_WARN_UNREACHABLE_CODE = YES;
				CLANG_WARN__DUPLICATE_METHOD_MATCH = YES;
				COPY_PHASE_STRIP = NO;
				DEBUG_INFORMATION_FORMAT = "dwarf-with-dsym";
				ENABLE_NS_ASSERTIONS = NO;
				ENABLE_STRICT_OBJC_MSGSEND = YES;
				GCC_C_LANGUAGE_STANDARD = gnu11;
				GCC_NO_COMMON_BLOCKS = YES;
				GCC_WARN_64_TO_32_BIT_CONVERSION = YES;
				GCC_WARN_ABOUT_RETURN_TYPE = YES_ERROR;
				GCC_WARN_UNDECLARED_SELECTOR = YES;
				GCC_WARN_UNINITIALIZED_AUTOS = YES_AGGRESSIVE;
				GCC_WARN_UNUSED_FUNCTION = YES;
				GCC_WARN_UNUSED_VARIABLE = YES;
				IPHONEOS_DEPLOYMENT_TARGET = 16.2;
				MTL_ENABLE_DEBUG_INFO = NO;
				MTL_FAST_MATH = YES;
				SDKROOT = iphoneos;
				SWIFT_COMPILATION_MODE = wholemodule;
				SWIFT_OPTIMIZATION_LEVEL = "-O";
				VALIDATE_PRODUCT = YES;
			};
			name = Release;
		};
		614C95F629C08DC8004C1397 /* Debug */ = {
			isa = XCBuildConfiguration;
			buildSettings = {
				ASSETCATALOG_COMPILER_APPICON_NAME = AppIcon;
				ASSETCATALOG_COMPILER_GLOBAL_ACCENT_COLOR_NAME = AccentColor;
				CODE_SIGN_STYLE = Automatic;
				CURRENT_PROJECT_VERSION = 1;
				DEVELOPMENT_TEAM = 2KUPH4WU24;
				GENERATE_INFOPLIST_FILE = YES;
				INFOPLIST_FILE = Geely/Info.plist;
				INFOPLIST_KEY_UIApplicationSupportsIndirectInputEvents = YES;
				INFOPLIST_KEY_UILaunchStoryboardName = LaunchScreen;
				INFOPLIST_KEY_UIMainStoryboardFile = Main;
				INFOPLIST_KEY_UISupportedInterfaceOrientations_iPad = "UIInterfaceOrientationPortrait UIInterfaceOrientationPortraitUpsideDown UIInterfaceOrientationLandscapeLeft UIInterfaceOrientationLandscapeRight";
				INFOPLIST_KEY_UISupportedInterfaceOrientations_iPhone = "UIInterfaceOrientationPortrait UIInterfaceOrientationLandscapeLeft UIInterfaceOrientationLandscapeRight";
				LD_RUNPATH_SEARCH_PATHS = (
					"$(inherited)",
					"@executable_path/Frameworks",
				);
				MARKETING_VERSION = 1.0;
				PRODUCT_BUNDLE_IDENTIFIER = LaithQasem.Geely;
				PRODUCT_NAME = "$(TARGET_NAME)";
				SWIFT_EMIT_LOC_STRINGS = YES;
				SWIFT_VERSION = 5.0;
				TARGETED_DEVICE_FAMILY = "1,2";
			};
			name = Debug;
		};
		614C95F729C08DC8004C1397 /* Release */ = {
			isa = XCBuildConfiguration;
			buildSettings = {
				ASSETCATALOG_COMPILER_APPICON_NAME = AppIcon;
				ASSETCATALOG_COMPILER_GLOBAL_ACCENT_COLOR_NAME = AccentColor;
				CODE_SIGN_STYLE = Automatic;
				CURRENT_PROJECT_VERSION = 1;
				DEVELOPMENT_TEAM = 2KUPH4WU24;
				GENERATE_INFOPLIST_FILE = YES;
				INFOPLIST_FILE = Geely/Info.plist;
				INFOPLIST_KEY_UIApplicationSupportsIndirectInputEvents = YES;
				INFOPLIST_KEY_UILaunchStoryboardName = LaunchScreen;
				INFOPLIST_KEY_UIMainStoryboardFile = Main;
				INFOPLIST_KEY_UISupportedInterfaceOrientations_iPad = "UIInterfaceOrientationPortrait UIInterfaceOrientationPortraitUpsideDown UIInterfaceOrientationLandscapeLeft UIInterfaceOrientationLandscapeRight";
				INFOPLIST_KEY_UISupportedInterfaceOrientations_iPhone = "UIInterfaceOrientationPortrait UIInterfaceOrientationLandscapeLeft UIInterfaceOrientationLandscapeRight";
				LD_RUNPATH_SEARCH_PATHS = (
					"$(inherited)",
					"@executable_path/Frameworks",
				);
				MARKETING_VERSION = 1.0;
				PRODUCT_BUNDLE_IDENTIFIER = LaithQasem.Geely;
				PRODUCT_NAME = "$(TARGET_NAME)";
				SWIFT_EMIT_LOC_STRINGS = YES;
				SWIFT_VERSION = 5.0;
				TARGETED_DEVICE_FAMILY = "1,2";
			};
			name = Release;
		};
		614C95F929C08DC8004C1397 /* Debug */ = {
			isa = XCBuildConfiguration;
			buildSettings = {
				ALWAYS_EMBED_SWIFT_STANDARD_LIBRARIES = YES;
				BUNDLE_LOADER = "$(TEST_HOST)";
				CODE_SIGN_STYLE = Automatic;
				CURRENT_PROJECT_VERSION = 1;
				GENERATE_INFOPLIST_FILE = YES;
				IPHONEOS_DEPLOYMENT_TARGET = 16.2;
				MARKETING_VERSION = 1.0;
				PRODUCT_BUNDLE_IDENTIFIER = LaithQasem.GeelyTests;
				PRODUCT_NAME = "$(TARGET_NAME)";
				SWIFT_EMIT_LOC_STRINGS = NO;
				SWIFT_VERSION = 5.0;
				TARGETED_DEVICE_FAMILY = "1,2";
				TEST_HOST = "$(BUILT_PRODUCTS_DIR)/Geely.app/$(BUNDLE_EXECUTABLE_FOLDER_PATH)/Geely";
			};
			name = Debug;
		};
		614C95FA29C08DC8004C1397 /* Release */ = {
			isa = XCBuildConfiguration;
			buildSettings = {
				ALWAYS_EMBED_SWIFT_STANDARD_LIBRARIES = YES;
				BUNDLE_LOADER = "$(TEST_HOST)";
				CODE_SIGN_STYLE = Automatic;
				CURRENT_PROJECT_VERSION = 1;
				GENERATE_INFOPLIST_FILE = YES;
				IPHONEOS_DEPLOYMENT_TARGET = 16.2;
				MARKETING_VERSION = 1.0;
				PRODUCT_BUNDLE_IDENTIFIER = LaithQasem.GeelyTests;
				PRODUCT_NAME = "$(TARGET_NAME)";
				SWIFT_EMIT_LOC_STRINGS = NO;
				SWIFT_VERSION = 5.0;
				TARGETED_DEVICE_FAMILY = "1,2";
				TEST_HOST = "$(BUILT_PRODUCTS_DIR)/Geely.app/$(BUNDLE_EXECUTABLE_FOLDER_PATH)/Geely";
			};
			name = Release;
		};
		614C95FC29C08DC8004C1397 /* Debug */ = {
			isa = XCBuildConfiguration;
			buildSettings = {
				ALWAYS_EMBED_SWIFT_STANDARD_LIBRARIES = YES;
				CODE_SIGN_STYLE = Automatic;
				CURRENT_PROJECT_VERSION = 1;
				GENERATE_INFOPLIST_FILE = YES;
				MARKETING_VERSION = 1.0;
				PRODUCT_BUNDLE_IDENTIFIER = LaithQasem.GeelyUITests;
				PRODUCT_NAME = "$(TARGET_NAME)";
				SWIFT_EMIT_LOC_STRINGS = NO;
				SWIFT_VERSION = 5.0;
				TARGETED_DEVICE_FAMILY = "1,2";
				TEST_TARGET_NAME = Geely;
			};
			name = Debug;
		};
		614C95FD29C08DC8004C1397 /* Release */ = {
			isa = XCBuildConfiguration;
			buildSettings = {
				ALWAYS_EMBED_SWIFT_STANDARD_LIBRARIES = YES;
				CODE_SIGN_STYLE = Automatic;
				CURRENT_PROJECT_VERSION = 1;
				GENERATE_INFOPLIST_FILE = YES;
				MARKETING_VERSION = 1.0;
				PRODUCT_BUNDLE_IDENTIFIER = LaithQasem.GeelyUITests;
				PRODUCT_NAME = "$(TARGET_NAME)";
				SWIFT_EMIT_LOC_STRINGS = NO;
				SWIFT_VERSION = 5.0;
				TARGETED_DEVICE_FAMILY = "1,2";
				TEST_TARGET_NAME = Geely;
			};
			name = Release;
		};
/* End XCBuildConfiguration section */

/* Begin XCConfigurationList section */
		614C95C629C08DB2004C1397 /* Build configuration list for PBXProject "Geely" */ = {
			isa = XCConfigurationList;
			buildConfigurations = (
				614C95F329C08DC8004C1397 /* Debug */,
				614C95F429C08DC8004C1397 /* Release */,
			);
			defaultConfigurationIsVisible = 0;
			defaultConfigurationName = Release;
		};
		614C95F529C08DC8004C1397 /* Build configuration list for PBXNativeTarget "Geely" */ = {
			isa = XCConfigurationList;
			buildConfigurations = (
				614C95F629C08DC8004C1397 /* Debug */,
				614C95F729C08DC8004C1397 /* Release */,
			);
			defaultConfigurationIsVisible = 0;
			defaultConfigurationName = Release;
		};
		614C95F829C08DC8004C1397 /* Build configuration list for PBXNativeTarget "GeelyTests" */ = {
			isa = XCConfigurationList;
			buildConfigurations = (
				614C95F929C08DC8004C1397 /* Debug */,
				614C95FA29C08DC8004C1397 /* Release */,
			);
			defaultConfigurationIsVisible = 0;
			defaultConfigurationName = Release;
		};
		614C95FB29C08DC8004C1397 /* Build configuration list for PBXNativeTarget "GeelyUITests" */ = {
			isa = XCConfigurationList;
			buildConfigurations = (
				614C95FC29C08DC8004C1397 /* Debug */,
				614C95FD29C08DC8004C1397 /* Release */,
			);
			defaultConfigurationIsVisible = 0;
			defaultConfigurationName = Release;
		};
/* End XCConfigurationList section */
	};
	rootObject = 614C95C329C08DB2004C1397 /* Project object */;
}
