// !$*UTF8*$!
{
	archiveVersion = 1;
	classes = {
	};
	objectVersion = 56;
	objects = {

/* Begin PBXBuildFile section */
		0CED273B30B9B4B0AEF8B2CC /* Pods_Geely.framework in Frameworks */ = {isa = PBXBuildFile; fileRef = 8133BB0B1C142CA213394C35 /* Pods_Geely.framework */; };
		611D490F29ED4AA3009848A2 /* InformationScreenController.swift in Sources */ = {isa = PBXBuildFile; fileRef = 611D490E29ED4AA2009848A2 /* InformationScreenController.swift */; };
		611D491129ED5C64009848A2 /* AuthorizedCenterServices.swift in Sources */ = {isa = PBXBuildFile; fileRef = 611D491029ED5C64009848A2 /* AuthorizedCenterServices.swift */; };
		611D491329ED62C5009848A2 /* ServicesTableViewCell.swift in Sources */ = {isa = PBXBuildFile; fileRef = 611D491229ED62C5009848A2 /* ServicesTableViewCell.swift */; };
		612EE03829D42E8B00DBA06B /* HomeCollectionViewCell.swift in Sources */ = {isa = PBXBuildFile; fileRef = 612EE03729D42E8B00DBA06B /* HomeCollectionViewCell.swift */; };
		612EE03A29D4399D00DBA06B /* Car.swift in Sources */ = {isa = PBXBuildFile; fileRef = 612EE03929D4399D00DBA06B /* Car.swift */; };
		6136FB9529D10B40004D96D3 /* ServicesCollectionViewCell.swift in Sources */ = {isa = PBXBuildFile; fileRef = 6136FB9429D10B40004D96D3 /* ServicesCollectionViewCell.swift */; };
		6136FB9729D10E2D004D96D3 /* Service.swift in Sources */ = {isa = PBXBuildFile; fileRef = 6136FB9629D10E2D004D96D3 /* Service.swift */; };
		614C95CF29C08DB2004C1397 /* AppDelegate.swift in Sources */ = {isa = PBXBuildFile; fileRef = 614C95CE29C08DB2004C1397 /* AppDelegate.swift */; };
		614C95D129C08DB2004C1397 /* SceneDelegate.swift in Sources */ = {isa = PBXBuildFile; fileRef = 614C95D029C08DB2004C1397 /* SceneDelegate.swift */; };
		614C95D329C08DB2004C1397 /* LoginViewController.swift in Sources */ = {isa = PBXBuildFile; fileRef = 614C95D229C08DB2004C1397 /* LoginViewController.swift */; };
		614C95D629C08DB2004C1397 /* Main.storyboard in Resources */ = {isa = PBXBuildFile; fileRef = 614C95D429C08DB2004C1397 /* Main.storyboard */; };
		614C95D829C08DC6004C1397 /* Assets.xcassets in Resources */ = {isa = PBXBuildFile; fileRef = 614C95D729C08DC6004C1397 /* Assets.xcassets */; };
		614C95DB29C08DC6004C1397 /* LaunchScreen.storyboard in Resources */ = {isa = PBXBuildFile; fileRef = 614C95D929C08DC6004C1397 /* LaunchScreen.storyboard */; };
		614C95E629C08DC8004C1397 /* GeelyTests.swift in Sources */ = {isa = PBXBuildFile; fileRef = 614C95E529C08DC8004C1397 /* GeelyTests.swift */; };
		614C95F029C08DC8004C1397 /* GeelyUITests.swift in Sources */ = {isa = PBXBuildFile; fileRef = 614C95EF29C08DC8004C1397 /* GeelyUITests.swift */; };
		614C95F229C08DC8004C1397 /* GeelyUITestsLaunchTests.swift in Sources */ = {isa = PBXBuildFile; fileRef = 614C95F129C08DC8004C1397 /* GeelyUITestsLaunchTests.swift */; };
		61726FDB29D186A1001AB06A /* CarCollectionViewCell.xib in Resources */ = {isa = PBXBuildFile; fileRef = 61726FDA29D186A1001AB06A /* CarCollectionViewCell.xib */; };
		61726FDD29D191B8001AB06A /* Colors.swift in Sources */ = {isa = PBXBuildFile; fileRef = 61726FDC29D191B8001AB06A /* Colors.swift */; };
		61726FE029D1B608001AB06A /* TextFieldWithPadding.swift in Sources */ = {isa = PBXBuildFile; fileRef = 61726FDF29D1B608001AB06A /* TextFieldWithPadding.swift */; };
		619D38FB29C997B800E9A9D3 /* HomeScreenController.swift in Sources */ = {isa = PBXBuildFile; fileRef = 619D38FA29C997B800E9A9D3 /* HomeScreenController.swift */; };
		61CBE01729C9B20C009652C8 /* customizeTabBar.swift in Sources */ = {isa = PBXBuildFile; fileRef = 61CBE01629C9B20C009652C8 /* customizeTabBar.swift */; };
		61CBE01929C9BB23009652C8 /* navigationBarController.swift in Sources */ = {isa = PBXBuildFile; fileRef = 61CBE01829C9BB23009652C8 /* navigationBarController.swift */; };
		61CBE01F29CAF725009652C8 /* HomeScreenNavigationController.swift in Sources */ = {isa = PBXBuildFile; fileRef = 61CBE01E29CAF725009652C8 /* HomeScreenNavigationController.swift */; };
		61CBE02129CB16FD009652C8 /* CurvedTabBar.swift in Sources */ = {isa = PBXBuildFile; fileRef = 61CBE02029CB16FC009652C8 /* CurvedTabBar.swift */; };
		61EAAB8B29CCF9BB0083FF4F /* Assets.xcassets in Resources */ = {isa = PBXBuildFile; fileRef = 61EAAB8A29CCF9BB0083FF4F /* Assets.xcassets */; };
		CBDB8097BD5186AD80020E5A /* Pods_GeelyTests.framework in Frameworks */ = {isa = PBXBuildFile; fileRef = DC7A0E3D0BD8BC2709DCCC15 /* Pods_GeelyTests.framework */; };
		E3171574E3E3757C9078AE00 /* Pods_Geely_GeelyUITests.framework in Frameworks */ = {isa = PBXBuildFile; fileRef = E65D3ABB6AC85364AB998551 /* Pods_Geely_GeelyUITests.framework */; };
/* End PBXBuildFile section */

/* Begin PBXContainerItemProxy section */
		614C95E229C08DC8004C1397 /* PBXContainerItemProxy */ = {
			isa = PBXContainerItemProxy;
			containerPortal = 614C95C329C08DB2004C1397 /* Project object */;
			proxyType = 1;
			remoteGlobalIDString = 614C95CA29C08DB2004C1397;
			remoteInfo = Geely;
		};
		614C95EC29C08DC8004C1397 /* PBXContainerItemProxy */ = {
			isa = PBXContainerItemProxy;
			containerPortal = 614C95C329C08DB2004C1397 /* Project object */;
			proxyType = 1;
			remoteGlobalIDString = 614C95CA29C08DB2004C1397;
			remoteInfo = Geely;
		};
/* End PBXContainerItemProxy section */

/* Begin PBXFileReference section */
		0715783F1E2D692C89C3BBB4 /* Pods-Geely-GeelyUITests.debug.xcconfig */ = {isa = PBXFileReference; includeInIndex = 1; lastKnownFileType = text.xcconfig; name = "Pods-Geely-GeelyUITests.debug.xcconfig"; path = "Target Support Files/Pods-Geely-GeelyUITests/Pods-Geely-GeelyUITests.debug.xcconfig"; sourceTree = "<group>"; };
		55AC74C0500A329D051B9780 /* Pods-Geely.release.xcconfig */ = {isa = PBXFileReference; includeInIndex = 1; lastKnownFileType = text.xcconfig; name = "Pods-Geely.release.xcconfig"; path = "Target Support Files/Pods-Geely/Pods-Geely.release.xcconfig"; sourceTree = "<group>"; };
		611D490E29ED4AA2009848A2 /* InformationScreenController.swift */ = {isa = PBXFileReference; lastKnownFileType = sourcecode.swift; path = InformationScreenController.swift; sourceTree = "<group>"; };
		611D491029ED5C64009848A2 /* AuthorizedCenterServices.swift */ = {isa = PBXFileReference; lastKnownFileType = sourcecode.swift; path = AuthorizedCenterServices.swift; sourceTree = "<group>"; };
		611D491229ED62C5009848A2 /* ServicesTableViewCell.swift */ = {isa = PBXFileReference; lastKnownFileType = sourcecode.swift; path = ServicesTableViewCell.swift; sourceTree = "<group>"; };
		612EE03729D42E8B00DBA06B /* HomeCollectionViewCell.swift */ = {isa = PBXFileReference; lastKnownFileType = sourcecode.swift; path = HomeCollectionViewCell.swift; sourceTree = "<group>"; };
		612EE03929D4399D00DBA06B /* Car.swift */ = {isa = PBXFileReference; lastKnownFileType = sourcecode.swift; path = Car.swift; sourceTree = "<group>"; };
		612EE04129DAC68F00DBA06B /* gotham_black.otf */ = {isa = PBXFileReference; lastKnownFileType = file; path = gotham_black.otf; sourceTree = "<group>"; };
		612EE04229DAC69000DBA06B /* gotham_bold.otf */ = {isa = PBXFileReference; lastKnownFileType = file; path = gotham_bold.otf; sourceTree = "<group>"; };
		612EE04329DAC69000DBA06B /* gotham_book.ttf */ = {isa = PBXFileReference; lastKnownFileType = file; path = gotham_book.ttf; sourceTree = "<group>"; };
		612EE04429DAC69100DBA06B /* gotham_medium.ttf */ = {isa = PBXFileReference; lastKnownFileType = file; path = gotham_medium.ttf; sourceTree = "<group>"; };
		6136FB9429D10B40004D96D3 /* ServicesCollectionViewCell.swift */ = {isa = PBXFileReference; lastKnownFileType = sourcecode.swift; path = ServicesCollectionViewCell.swift; sourceTree = "<group>"; };
		6136FB9629D10E2D004D96D3 /* Service.swift */ = {isa = PBXFileReference; lastKnownFileType = sourcecode.swift; path = Service.swift; sourceTree = "<group>"; };
		614C95CB29C08DB2004C1397 /* Geely.app */ = {isa = PBXFileReference; explicitFileType = wrapper.application; includeInIndex = 0; path = Geely.app; sourceTree = BUILT_PRODUCTS_DIR; };
		614C95CE29C08DB2004C1397 /* AppDelegate.swift */ = {isa = PBXFileReference; lastKnownFileType = sourcecode.swift; path = AppDelegate.swift; sourceTree = "<group>"; };
		614C95D029C08DB2004C1397 /* SceneDelegate.swift */ = {isa = PBXFileReference; lastKnownFileType = sourcecode.swift; path = SceneDelegate.swift; sourceTree = "<group>"; };
		614C95D229C08DB2004C1397 /* LoginViewController.swift */ = {isa = PBXFileReference; lastKnownFileType = sourcecode.swift; path = LoginViewController.swift; sourceTree = "<group>"; };
		614C95D529C08DB2004C1397 /* Base */ = {isa = PBXFileReference; lastKnownFileType = file.storyboard; name = Base; path = Base.lproj/Main.storyboard; sourceTree = "<group>"; };
		614C95D729C08DC6004C1397 /* Assets.xcassets */ = {isa = PBXFileReference; lastKnownFileType = folder.assetcatalog; path = Assets.xcassets; sourceTree = "<group>"; };
		614C95DA29C08DC6004C1397 /* Base */ = {isa = PBXFileReference; lastKnownFileType = file.storyboard; name = Base; path = Base.lproj/LaunchScreen.storyboard; sourceTree = "<group>"; };
		614C95DC29C08DC6004C1397 /* Info.plist */ = {isa = PBXFileReference; lastKnownFileType = text.plist.xml; path = Info.plist; sourceTree = "<group>"; };
		614C95E129C08DC8004C1397 /* GeelyTests.xctest */ = {isa = PBXFileReference; explicitFileType = wrapper.cfbundle; includeInIndex = 0; path = GeelyTests.xctest; sourceTree = BUILT_PRODUCTS_DIR; };
		614C95E529C08DC8004C1397 /* GeelyTests.swift */ = {isa = PBXFileReference; lastKnownFileType = sourcecode.swift; path = GeelyTests.swift; sourceTree = "<group>"; };
		614C95EB29C08DC8004C1397 /* GeelyUITests.xctest */ = {isa = PBXFileReference; explicitFileType = wrapper.cfbundle; includeInIndex = 0; path = GeelyUITests.xctest; sourceTree = BUILT_PRODUCTS_DIR; };
		614C95EF29C08DC8004C1397 /* GeelyUITests.swift */ = {isa = PBXFileReference; lastKnownFileType = sourcecode.swift; path = GeelyUITests.swift; sourceTree = "<group>"; };
		614C95F129C08DC8004C1397 /* GeelyUITestsLaunchTests.swift */ = {isa = PBXFileReference; lastKnownFileType = sourcecode.swift; path = GeelyUITestsLaunchTests.swift; sourceTree = "<group>"; };
		61726FDA29D186A1001AB06A /* CarCollectionViewCell.xib */ = {isa = PBXFileReference; lastKnownFileType = file.xib; path = CarCollectionViewCell.xib; sourceTree = "<group>"; };
		61726FDC29D191B8001AB06A /* Colors.swift */ = {isa = PBXFileReference; lastKnownFileType = sourcecode.swift; path = Colors.swift; sourceTree = "<group>"; };
		61726FDF29D1B608001AB06A /* TextFieldWithPadding.swift */ = {isa = PBXFileReference; lastKnownFileType = sourcecode.swift; path = TextFieldWithPadding.swift; sourceTree = "<group>"; };
		619D38FA29C997B800E9A9D3 /* HomeScreenController.swift */ = {isa = PBXFileReference; lastKnownFileType = sourcecode.swift; path = HomeScreenController.swift; sourceTree = "<group>"; };
		61CBE01629C9B20C009652C8 /* customizeTabBar.swift */ = {isa = PBXFileReference; lastKnownFileType = sourcecode.swift; path = customizeTabBar.swift; sourceTree = "<group>"; };
		61CBE01829C9BB23009652C8 /* navigationBarController.swift */ = {isa = PBXFileReference; lastKnownFileType = sourcecode.swift; path = navigationBarController.swift; sourceTree = "<group>"; };
		61CBE01E29CAF725009652C8 /* HomeScreenNavigationController.swift */ = {isa = PBXFileReference; lastKnownFileType = sourcecode.swift; path = HomeScreenNavigationController.swift; sourceTree = "<group>"; };
		61CBE02029CB16FC009652C8 /* CurvedTabBar.swift */ = {isa = PBXFileReference; lastKnownFileType = sourcecode.swift; path = CurvedTabBar.swift; sourceTree = "<group>"; };
		61EAAB8A29CCF9BB0083FF4F /* Assets.xcassets */ = {isa = PBXFileReference; lastKnownFileType = folder.assetcatalog; name = Assets.xcassets; path = ../../../Assets.xcassets; sourceTree = "<group>"; };
		71169251EB554729B0363167 /* Pods-GeelyTests.debug.xcconfig */ = {isa = PBXFileReference; includeInIndex = 1; lastKnownFileType = text.xcconfig; name = "Pods-GeelyTests.debug.xcconfig"; path = "Target Support Files/Pods-GeelyTests/Pods-GeelyTests.debug.xcconfig"; sourceTree = "<group>"; };
		8133BB0B1C142CA213394C35 /* Pods_Geely.framework */ = {isa = PBXFileReference; explicitFileType = wrapper.framework; includeInIndex = 0; path = Pods_Geely.framework; sourceTree = BUILT_PRODUCTS_DIR; };
		A7A17968C57506561EDCF66A /* Pods-Geely.debug.xcconfig */ = {isa = PBXFileReference; includeInIndex = 1; lastKnownFileType = text.xcconfig; name = "Pods-Geely.debug.xcconfig"; path = "Target Support Files/Pods-Geely/Pods-Geely.debug.xcconfig"; sourceTree = "<group>"; };
		B66548BF7E2E78B3A6751B0C /* Pods-GeelyTests.release.xcconfig */ = {isa = PBXFileReference; includeInIndex = 1; lastKnownFileType = text.xcconfig; name = "Pods-GeelyTests.release.xcconfig"; path = "Target Support Files/Pods-GeelyTests/Pods-GeelyTests.release.xcconfig"; sourceTree = "<group>"; };
		DC7A0E3D0BD8BC2709DCCC15 /* Pods_GeelyTests.framework */ = {isa = PBXFileReference; explicitFileType = wrapper.framework; includeInIndex = 0; path = Pods_GeelyTests.framework; sourceTree = BUILT_PRODUCTS_DIR; };
		E456A736079DAB18B2D04125 /* Pods-Geely-GeelyUITests.release.xcconfig */ = {isa = PBXFileReference; includeInIndex = 1; lastKnownFileType = text.xcconfig; name = "Pods-Geely-GeelyUITests.release.xcconfig"; path = "Target Support Files/Pods-Geely-GeelyUITests/Pods-Geely-GeelyUITests.release.xcconfig"; sourceTree = "<group>"; };
		E65D3ABB6AC85364AB998551 /* Pods_Geely_GeelyUITests.framework */ = {isa = PBXFileReference; explicitFileType = wrapper.framework; includeInIndex = 0; path = Pods_Geely_GeelyUITests.framework; sourceTree = BUILT_PRODUCTS_DIR; };
/* End PBXFileReference section */

/* Begin PBXFrameworksBuildPhase section */
		614C95C829C08DB2004C1397 /* Frameworks */ = {
			isa = PBXFrameworksBuildPhase;
			buildActionMask = 2147483647;
			files = (
				0CED273B30B9B4B0AEF8B2CC /* Pods_Geely.framework in Frameworks */,
			);
			runOnlyForDeploymentPostprocessing = 0;
		};
		614C95DE29C08DC8004C1397 /* Frameworks */ = {
			isa = PBXFrameworksBuildPhase;
			buildActionMask = 2147483647;
			files = (
				CBDB8097BD5186AD80020E5A /* Pods_GeelyTests.framework in Frameworks */,
			);
			runOnlyForDeploymentPostprocessing = 0;
		};
		614C95E829C08DC8004C1397 /* Frameworks */ = {
			isa = PBXFrameworksBuildPhase;
			buildActionMask = 2147483647;
			files = (
				E3171574E3E3757C9078AE00 /* Pods_Geely_GeelyUITests.framework in Frameworks */,
			);
			runOnlyForDeploymentPostprocessing = 0;
		};
/* End PBXFrameworksBuildPhase section */

/* Begin PBXGroup section */
		611D490D29ED494E009848A2 /* InformationPage */ = {
			isa = PBXGroup;
			children = (
				611D491229ED62C5009848A2 /* ServicesTableViewCell.swift */,
				611D490E29ED4AA2009848A2 /* InformationScreenController.swift */,
				611D491029ED5C64009848A2 /* AuthorizedCenterServices.swift */,
			);
			path = InformationPage;
			sourceTree = "<group>";
		};
		614C95C229C08DB2004C1397 = {
			isa = PBXGroup;
			children = (
				614C95CD29C08DB2004C1397 /* Geely */,
				614C95E429C08DC8004C1397 /* GeelyTests */,
				614C95EE29C08DC8004C1397 /* GeelyUITests */,
				614C95CC29C08DB2004C1397 /* Products */,
				81F4CC59C110D3E68DC5F9BE /* Pods */,
				9EC16CDA6F84FF992B2D29AA /* Frameworks */,
			);
			sourceTree = "<group>";
		};
		614C95CC29C08DB2004C1397 /* Products */ = {
			isa = PBXGroup;
			children = (
				614C95CB29C08DB2004C1397 /* Geely.app */,
				614C95E129C08DC8004C1397 /* GeelyTests.xctest */,
				614C95EB29C08DC8004C1397 /* GeelyUITests.xctest */,
			);
			name = Products;
			sourceTree = "<group>";
		};
		614C95CD29C08DB2004C1397 /* Geely */ = {
			isa = PBXGroup;
			children = (
				717D3F3429F9130600559151 /* Fonts */,
				611D490D29ED494E009848A2 /* InformationPage */,
				61726FDE29D1B2C9001AB06A /* MainPage */,
				61EAAB8A29CCF9BB0083FF4F /* Assets.xcassets */,
				614C95CE29C08DB2004C1397 /* AppDelegate.swift */,
				614C95D429C08DB2004C1397 /* Main.storyboard */,
				61726FDC29D191B8001AB06A /* Colors.swift */,
				614C95D029C08DB2004C1397 /* SceneDelegate.swift */,
				61726FE129D1B7B6001AB06A /* LoginPage */,
				614C95D729C08DC6004C1397 /* Assets.xcassets */,
				614C95D929C08DC6004C1397 /* LaunchScreen.storyboard */,
				614C95DC29C08DC6004C1397 /* Info.plist */,
			);
			path = Geely;
			sourceTree = "<group>";
		};
		614C95E429C08DC8004C1397 /* GeelyTests */ = {
			isa = PBXGroup;
			children = (
				614C95E529C08DC8004C1397 /* GeelyTests.swift */,
			);
			path = GeelyTests;
			sourceTree = "<group>";
		};
		614C95EE29C08DC8004C1397 /* GeelyUITests */ = {
			isa = PBXGroup;
			children = (
				614C95EF29C08DC8004C1397 /* GeelyUITests.swift */,
				614C95F129C08DC8004C1397 /* GeelyUITestsLaunchTests.swift */,
			);
			path = GeelyUITests;
			sourceTree = "<group>";
		};
		61726FDE29D1B2C9001AB06A /* MainPage */ = {
			isa = PBXGroup;
			children = (
				61CBE01E29CAF725009652C8 /* HomeScreenNavigationController.swift */,
				619D38FA29C997B800E9A9D3 /* HomeScreenController.swift */,
				6136FB9629D10E2D004D96D3 /* Service.swift */,
				612EE03929D4399D00DBA06B /* Car.swift */,
				61CBE01829C9BB23009652C8 /* navigationBarController.swift */,
				61CBE01629C9B20C009652C8 /* customizeTabBar.swift */,
				61CBE02029CB16FC009652C8 /* CurvedTabBar.swift */,
				6136FB9429D10B40004D96D3 /* ServicesCollectionViewCell.swift */,
				61726FDA29D186A1001AB06A /* CarCollectionViewCell.xib */,
				612EE03729D42E8B00DBA06B /* HomeCollectionViewCell.swift */,
			);
			path = MainPage;
			sourceTree = "<group>";
		};
		61726FE129D1B7B6001AB06A /* LoginPage */ = {
			isa = PBXGroup;
			children = (
				614C95D229C08DB2004C1397 /* LoginViewController.swift */,
				61726FDF29D1B608001AB06A /* TextFieldWithPadding.swift */,
			);
			path = LoginPage;
			sourceTree = "<group>";
		};
		717D3F3429F9130600559151 /* Fonts */ = {
			isa = PBXGroup;
			children = (
				612EE04129DAC68F00DBA06B /* gotham_black.otf */,
				612EE04229DAC69000DBA06B /* gotham_bold.otf */,
				612EE04329DAC69000DBA06B /* gotham_book.ttf */,
				612EE04429DAC69100DBA06B /* gotham_medium.ttf */,
			);
			path = Fonts;
			sourceTree = "<group>";
		};
		81F4CC59C110D3E68DC5F9BE /* Pods */ = {
			isa = PBXGroup;
			children = (
				A7A17968C57506561EDCF66A /* Pods-Geely.debug.xcconfig */,
				55AC74C0500A329D051B9780 /* Pods-Geely.release.xcconfig */,
				0715783F1E2D692C89C3BBB4 /* Pods-Geely-GeelyUITests.debug.xcconfig */,
				E456A736079DAB18B2D04125 /* Pods-Geely-GeelyUITests.release.xcconfig */,
				71169251EB554729B0363167 /* Pods-GeelyTests.debug.xcconfig */,
				B66548BF7E2E78B3A6751B0C /* Pods-GeelyTests.release.xcconfig */,
			);
			path = Pods;
			sourceTree = "<group>";
		};
		9EC16CDA6F84FF992B2D29AA /* Frameworks */ = {
			isa = PBXGroup;
			children = (
				8133BB0B1C142CA213394C35 /* Pods_Geely.framework */,
				E65D3ABB6AC85364AB998551 /* Pods_Geely_GeelyUITests.framework */,
				DC7A0E3D0BD8BC2709DCCC15 /* Pods_GeelyTests.framework */,
			);
			name = Frameworks;
			sourceTree = "<group>";
		};
/* End PBXGroup section */

/* Begin PBXNativeTarget section */
		614C95CA29C08DB2004C1397 /* Geely */ = {
			isa = PBXNativeTarget;
			buildConfigurationList = 614C95F529C08DC8004C1397 /* Build configuration list for PBXNativeTarget "Geely" */;
			buildPhases = (
				5C8A833C3A9A06BED733EA80 /* [CP] Check Pods Manifest.lock */,
				614C95C729C08DB2004C1397 /* Sources */,
				614C95C829C08DB2004C1397 /* Frameworks */,
				614C95C929C08DB2004C1397 /* Resources */,
				1C26C4EA9C6032FFA2D89372 /* [CP] Embed Pods Frameworks */,
			);
			buildRules = (
			);
			dependencies = (
			);
			name = Geely;
			productName = Geely;
			productReference = 614C95CB29C08DB2004C1397 /* Geely.app */;
			productType = "com.apple.product-type.application";
		};
		614C95E029C08DC8004C1397 /* GeelyTests */ = {
			isa = PBXNativeTarget;
			buildConfigurationList = 614C95F829C08DC8004C1397 /* Build configuration list for PBXNativeTarget "GeelyTests" */;
			buildPhases = (
				638DB3826AEDCB837F27BB8F /* [CP] Check Pods Manifest.lock */,
				614C95DD29C08DC8004C1397 /* Sources */,
				614C95DE29C08DC8004C1397 /* Frameworks */,
				614C95DF29C08DC8004C1397 /* Resources */,
			);
			buildRules = (
			);
			dependencies = (
				614C95E329C08DC8004C1397 /* PBXTargetDependency */,
			);
			name = GeelyTests;
			productName = GeelyTests;
			productReference = 614C95E129C08DC8004C1397 /* GeelyTests.xctest */;
			productType = "com.apple.product-type.bundle.unit-test";
		};
		614C95EA29C08DC8004C1397 /* GeelyUITests */ = {
			isa = PBXNativeTarget;
			buildConfigurationList = 614C95FB29C08DC8004C1397 /* Build configuration list for PBXNativeTarget "GeelyUITests" */;
			buildPhases = (
				069094CB9225626C7FE3CC47 /* [CP] Check Pods Manifest.lock */,
				614C95E729C08DC8004C1397 /* Sources */,
				614C95E829C08DC8004C1397 /* Frameworks */,
				614C95E929C08DC8004C1397 /* Resources */,
				B1F5D05C27E4C3A60B221FD1 /* [CP] Embed Pods Frameworks */,
			);
			buildRules = (
			);
			dependencies = (
				614C95ED29C08DC8004C1397 /* PBXTargetDependency */,
			);
			name = GeelyUITests;
			productName = GeelyUITests;
			productReference = 614C95EB29C08DC8004C1397 /* GeelyUITests.xctest */;
			productType = "com.apple.product-type.bundle.ui-testing";
		};
/* End PBXNativeTarget section */

/* Begin PBXProject section */
		614C95C329C08DB2004C1397 /* Project object */ = {
			isa = PBXProject;
			attributes = {
				BuildIndependentTargetsInParallel = 1;
				LastSwiftUpdateCheck = 1420;
				LastUpgradeCheck = 1420;
				TargetAttributes = {
					614C95CA29C08DB2004C1397 = {
						CreatedOnToolsVersion = 14.2;
					};
					614C95E029C08DC8004C1397 = {
						CreatedOnToolsVersion = 14.2;
						TestTargetID = 614C95CA29C08DB2004C1397;
					};
					614C95EA29C08DC8004C1397 = {
						CreatedOnToolsVersion = 14.2;
						TestTargetID = 614C95CA29C08DB2004C1397;
					};
				};
			};
			buildConfigurationList = 614C95C629C08DB2004C1397 /* Build configuration list for PBXProject "Geely" */;
			compatibilityVersion = "Xcode 14.0";
			developmentRegion = en;
			hasScannedForEncodings = 0;
			knownRegions = (
				en,
				Base,
			);
			mainGroup = 614C95C229C08DB2004C1397;
			productRefGroup = 614C95CC29C08DB2004C1397 /* Products */;
			projectDirPath = "";
			projectRoot = "";
			targets = (
				614C95CA29C08DB2004C1397 /* Geely */,
				614C95E029C08DC8004C1397 /* GeelyTests */,
				614C95EA29C08DC8004C1397 /* GeelyUITests */,
			);
		};
/* End PBXProject section */

/* Begin PBXResourcesBuildPhase section */
		614C95C929C08DB2004C1397 /* Resources */ = {
			isa = PBXResourcesBuildPhase;
			buildActionMask = 2147483647;
			files = (
				61EAAB8B29CCF9BB0083FF4F /* Assets.xcassets in Resources */,
				614C95DB29C08DC6004C1397 /* LaunchScreen.storyboard in Resources */,
				614C95D829C08DC6004C1397 /* Assets.xcassets in Resources */,
				614C95D629C08DB2004C1397 /* Main.storyboard in Resources */,
				61726FDB29D186A1001AB06A /* CarCollectionViewCell.xib in Resources */,
			);
			runOnlyForDeploymentPostprocessing = 0;
		};
		614C95DF29C08DC8004C1397 /* Resources */ = {
			isa = PBXResourcesBuildPhase;
			buildActionMask = 2147483647;
			files = (
			);
			runOnlyForDeploymentPostprocessing = 0;
		};
		614C95E929C08DC8004C1397 /* Resources */ = {
			isa = PBXResourcesBuildPhase;
			buildActionMask = 2147483647;
			files = (
			);
			runOnlyForDeploymentPostprocessing = 0;
		};
/* End PBXResourcesBuildPhase section */

/* Begin PBXShellScriptBuildPhase section */
		069094CB9225626C7FE3CC47 /* [CP] Check Pods Manifest.lock */ = {
			isa = PBXShellScriptBuildPhase;
			buildActionMask = 2147483647;
			files = (
			);
			inputFileListPaths = (
			);
			inputPaths = (
				"${PODS_PODFILE_DIR_PATH}/Podfile.lock",
				"${PODS_ROOT}/Manifest.lock",
			);
			name = "[CP] Check Pods Manifest.lock";
			outputFileListPaths = (
			);
			outputPaths = (
				"$(DERIVED_FILE_DIR)/Pods-Geely-GeelyUITests-checkManifestLockResult.txt",
			);
			runOnlyForDeploymentPostprocessing = 0;
			shellPath = /bin/sh;
			shellScript = "diff \"${PODS_PODFILE_DIR_PATH}/Podfile.lock\" \"${PODS_ROOT}/Manifest.lock\" > /dev/null\nif [ $? != 0 ] ; then\n    # print error to STDERR\n    echo \"error: The sandbox is not in sync with the Podfile.lock. Run 'pod install' or update your CocoaPods installation.\" >&2\n    exit 1\nfi\n# This output is used by Xcode 'outputs' to avoid re-running this script phase.\necho \"SUCCESS\" > \"${SCRIPT_OUTPUT_FILE_0}\"\n";
			showEnvVarsInLog = 0;
		};
		1C26C4EA9C6032FFA2D89372 /* [CP] Embed Pods Frameworks */ = {
			isa = PBXShellScriptBuildPhase;
			buildActionMask = 2147483647;
			files = (
			);
			inputFileListPaths = (
				"${PODS_ROOT}/Target Support Files/Pods-Geely/Pods-Geely-frameworks-${CONFIGURATION}-input-files.xcfilelist",
			);
			name = "[CP] Embed Pods Frameworks";
			outputFileListPaths = (
				"${PODS_ROOT}/Target Support Files/Pods-Geely/Pods-Geely-frameworks-${CONFIGURATION}-output-files.xcfilelist",
			);
			runOnlyForDeploymentPostprocessing = 0;
			shellPath = /bin/sh;
			shellScript = "\"${PODS_ROOT}/Target Support Files/Pods-Geely/Pods-Geely-frameworks.sh\"\n";
			showEnvVarsInLog = 0;
		};
		5C8A833C3A9A06BED733EA80 /* [CP] Check Pods Manifest.lock */ = {
			isa = PBXShellScriptBuildPhase;
			buildActionMask = 2147483647;
			files = (
			);
			inputFileListPaths = (
			);
			inputPaths = (
				"${PODS_PODFILE_DIR_PATH}/Podfile.lock",
				"${PODS_ROOT}/Manifest.lock",
			);
			name = "[CP] Check Pods Manifest.lock";
			outputFileListPaths = (
			);
			outputPaths = (
				"$(DERIVED_FILE_DIR)/Pods-Geely-checkManifestLockResult.txt",
			);
			runOnlyForDeploymentPostprocessing = 0;
			shellPath = /bin/sh;
			shellScript = "diff \"${PODS_PODFILE_DIR_PATH}/Podfile.lock\" \"${PODS_ROOT}/Manifest.lock\" > /dev/null\nif [ $? != 0 ] ; then\n    # print error to STDERR\n    echo \"error: The sandbox is not in sync with the Podfile.lock. Run 'pod install' or update your CocoaPods installation.\" >&2\n    exit 1\nfi\n# This output is used by Xcode 'outputs' to avoid re-running this script phase.\necho \"SUCCESS\" > \"${SCRIPT_OUTPUT_FILE_0}\"\n";
			showEnvVarsInLog = 0;
		};
		638DB3826AEDCB837F27BB8F /* [CP] Check Pods Manifest.lock */ = {
			isa = PBXShellScriptBuildPhase;
			buildActionMask = 2147483647;
			files = (
			);
			inputFileListPaths = (
			);
			inputPaths = (
				"${PODS_PODFILE_DIR_PATH}/Podfile.lock",
				"${PODS_ROOT}/Manifest.lock",
			);
			name = "[CP] Check Pods Manifest.lock";
			outputFileListPaths = (
			);
			outputPaths = (
				"$(DERIVED_FILE_DIR)/Pods-GeelyTests-checkManifestLockResult.txt",
			);
			runOnlyForDeploymentPostprocessing = 0;
			shellPath = /bin/sh;
			shellScript = "diff \"${PODS_PODFILE_DIR_PATH}/Podfile.lock\" \"${PODS_ROOT}/Manifest.lock\" > /dev/null\nif [ $? != 0 ] ; then\n    # print error to STDERR\n    echo \"error: The sandbox is not in sync with the Podfile.lock. Run 'pod install' or update your CocoaPods installation.\" >&2\n    exit 1\nfi\n# This output is used by Xcode 'outputs' to avoid re-running this script phase.\necho \"SUCCESS\" > \"${SCRIPT_OUTPUT_FILE_0}\"\n";
			showEnvVarsInLog = 0;
		};
		B1F5D05C27E4C3A60B221FD1 /* [CP] Embed Pods Frameworks */ = {
			isa = PBXShellScriptBuildPhase;
			buildActionMask = 2147483647;
			files = (
			);
			inputFileListPaths = (
				"${PODS_ROOT}/Target Support Files/Pods-Geely-GeelyUITests/Pods-Geely-GeelyUITests-frameworks-${CONFIGURATION}-input-files.xcfilelist",
			);
			name = "[CP] Embed Pods Frameworks";
			outputFileListPaths = (
				"${PODS_ROOT}/Target Support Files/Pods-Geely-GeelyUITests/Pods-Geely-GeelyUITests-frameworks-${CONFIGURATION}-output-files.xcfilelist",
			);
			runOnlyForDeploymentPostprocessing = 0;
			shellPath = /bin/sh;
			shellScript = "\"${PODS_ROOT}/Target Support Files/Pods-Geely-GeelyUITests/Pods-Geely-GeelyUITests-frameworks.sh\"\n";
			showEnvVarsInLog = 0;
		};
/* End PBXShellScriptBuildPhase section */

/* Begin PBXSourcesBuildPhase section */
		614C95C729C08DB2004C1397 /* Sources */ = {
			isa = PBXSourcesBuildPhase;
			buildActionMask = 2147483647;
			files = (
				61CBE02129CB16FD009652C8 /* CurvedTabBar.swift in Sources */,
				614C95D329C08DB2004C1397 /* LoginViewController.swift in Sources */,
				611D490F29ED4AA3009848A2 /* InformationScreenController.swift in Sources */,
				61726FDD29D191B8001AB06A /* Colors.swift in Sources */,
				611D491329ED62C5009848A2 /* ServicesTableViewCell.swift in Sources */,
				61CBE01F29CAF725009652C8 /* HomeScreenNavigationController.swift in Sources */,
				619D38FB29C997B800E9A9D3 /* HomeScreenController.swift in Sources */,
				61726FE029D1B608001AB06A /* TextFieldWithPadding.swift in Sources */,
				6136FB9529D10B40004D96D3 /* ServicesCollectionViewCell.swift in Sources */,
				614C95CF29C08DB2004C1397 /* AppDelegate.swift in Sources */,
				614C95D129C08DB2004C1397 /* SceneDelegate.swift in Sources */,
				61CBE01929C9BB23009652C8 /* navigationBarController.swift in Sources */,
				612EE03829D42E8B00DBA06B /* HomeCollectionViewCell.swift in Sources */,
				611D491129ED5C64009848A2 /* AuthorizedCenterServices.swift in Sources */,
				612EE03A29D4399D00DBA06B /* Car.swift in Sources */,
				6136FB9729D10E2D004D96D3 /* Service.swift in Sources */,
				61CBE01729C9B20C009652C8 /* customizeTabBar.swift in Sources */,
			);
			runOnlyForDeploymentPostprocessing = 0;
		};
		614C95DD29C08DC8004C1397 /* Sources */ = {
			isa = PBXSourcesBuildPhase;
			buildActionMask = 2147483647;
			files = (
				614C95E629C08DC8004C1397 /* GeelyTests.swift in Sources */,
			);
			runOnlyForDeploymentPostprocessing = 0;
		};
		614C95E729C08DC8004C1397 /* Sources */ = {
			isa = PBXSourcesBuildPhase;
			buildActionMask = 2147483647;
			files = (
				614C95F029C08DC8004C1397 /* GeelyUITests.swift in Sources */,
				614C95F229C08DC8004C1397 /* GeelyUITestsLaunchTests.swift in Sources */,
			);
			runOnlyForDeploymentPostprocessing = 0;
		};
/* End PBXSourcesBuildPhase section */

/* Begin PBXTargetDependency section */
		614C95E329C08DC8004C1397 /* PBXTargetDependency */ = {
			isa = PBXTargetDependency;
			target = 614C95CA29C08DB2004C1397 /* Geely */;
			targetProxy = 614C95E229C08DC8004C1397 /* PBXContainerItemProxy */;
		};
		614C95ED29C08DC8004C1397 /* PBXTargetDependency */ = {
			isa = PBXTargetDependency;
			target = 614C95CA29C08DB2004C1397 /* Geely */;
			targetProxy = 614C95EC29C08DC8004C1397 /* PBXContainerItemProxy */;
		};
/* End PBXTargetDependency section */

/* Begin PBXVariantGroup section */
		614C95D429C08DB2004C1397 /* Main.storyboard */ = {
			isa = PBXVariantGroup;
			children = (
				614C95D529C08DB2004C1397 /* Base */,
			);
			name = Main.storyboard;
			sourceTree = "<group>";
		};
		614C95D929C08DC6004C1397 /* LaunchScreen.storyboard */ = {
			isa = PBXVariantGroup;
			children = (
				614C95DA29C08DC6004C1397 /* Base */,
			);
			name = LaunchScreen.storyboard;
			sourceTree = "<group>";
		};
/* End PBXVariantGroup section */

/* Begin XCBuildConfiguration section */
		614C95F329C08DC8004C1397 /* Debug */ = {
			isa = XCBuildConfiguration;
			buildSettings = {
				ALWAYS_SEARCH_USER_PATHS = NO;
				CLANG_ANALYZER_NONNULL = YES;
				CLANG_ANALYZER_NUMBER_OBJECT_CONVERSION = YES_AGGRESSIVE;
				CLANG_CXX_LANGUAGE_STANDARD = "gnu++20";
				CLANG_ENABLE_MODULES = YES;
				CLANG_ENABLE_OBJC_ARC = YES;
				CLANG_ENABLE_OBJC_WEAK = YES;
				CLANG_WARN_BLOCK_CAPTURE_AUTORELEASING = YES;
				CLANG_WARN_BOOL_CONVERSION = YES;
				CLANG_WARN_COMMA = YES;
				CLANG_WARN_CONSTANT_CONVERSION = YES;
				CLANG_WARN_DEPRECATED_OBJC_IMPLEMENTATIONS = YES;
				CLANG_WARN_DIRECT_OBJC_ISA_USAGE = YES_ERROR;
				CLANG_WARN_DOCUMENTATION_COMMENTS = YES;
				CLANG_WARN_EMPTY_BODY = YES;
				CLANG_WARN_ENUM_CONVERSION = YES;
				CLANG_WARN_INFINITE_RECURSION = YES;
				CLANG_WARN_INT_CONVERSION = YES;
				CLANG_WARN_NON_LITERAL_NULL_CONVERSION = YES;
				CLANG_WARN_OBJC_IMPLICIT_RETAIN_SELF = YES;
				CLANG_WARN_OBJC_LITERAL_CONVERSION = YES;
				CLANG_WARN_OBJC_ROOT_CLASS = YES_ERROR;
				CLANG_WARN_QUOTED_INCLUDE_IN_FRAMEWORK_HEADER = YES;
				CLANG_WARN_RANGE_LOOP_ANALYSIS = YES;
				CLANG_WARN_STRICT_PROTOTYPES = YES;
				CLANG_WARN_SUSPICIOUS_MOVE = YES;
				CLANG_WARN_UNGUARDED_AVAILABILITY = YES_AGGRESSIVE;
				CLANG_WARN_UNREACHABLE_CODE = YES;
				CLANG_WARN__DUPLICATE_METHOD_MATCH = YES;
				COPY_PHASE_STRIP = NO;
				DEBUG_INFORMATION_FORMAT = dwarf;
				ENABLE_STRICT_OBJC_MSGSEND = YES;
				ENABLE_TESTABILITY = YES;
				GCC_C_LANGUAGE_STANDARD = gnu11;
				GCC_DYNAMIC_NO_PIC = NO;
				GCC_NO_COMMON_BLOCKS = YES;
				GCC_OPTIMIZATION_LEVEL = 0;
				GCC_PREPROCESSOR_DEFINITIONS = (
					"DEBUG=1",
					"$(inherited)",
				);
				GCC_WARN_64_TO_32_BIT_CONVERSION = YES;
				GCC_WARN_ABOUT_RETURN_TYPE = YES_ERROR;
				GCC_WARN_UNDECLARED_SELECTOR = YES;
				GCC_WARN_UNINITIALIZED_AUTOS = YES_AGGRESSIVE;
				GCC_WARN_UNUSED_FUNCTION = YES;
				GCC_WARN_UNUSED_VARIABLE = YES;
				IPHONEOS_DEPLOYMENT_TARGET = 16.2;
				MTL_ENABLE_DEBUG_INFO = INCLUDE_SOURCE;
				MTL_FAST_MATH = YES;
				ONLY_ACTIVE_ARCH = YES;
				SDKROOT = iphoneos;
				SWIFT_ACTIVE_COMPILATION_CONDITIONS = DEBUG;
				SWIFT_OPTIMIZATION_LEVEL = "-Onone";
			};
			name = Debug;
		};
		614C95F429C08DC8004C1397 /* Release */ = {
			isa = XCBuildConfiguration;
			buildSettings = {
				ALWAYS_SEARCH_USER_PATHS = NO;
				CLANG_ANALYZER_NONNULL = YES;
				CLANG_ANALYZER_NUMBER_OBJECT_CONVERSION = YES_AGGRESSIVE;
				CLANG_CXX_LANGUAGE_STANDARD = "gnu++20";
				CLANG_ENABLE_MODULES = YES;
				CLANG_ENABLE_OBJC_ARC = YES;
				CLANG_ENABLE_OBJC_WEAK = YES;
				CLANG_WARN_BLOCK_CAPTURE_AUTORELEASING = YES;
				CLANG_WARN_BOOL_CONVERSION = YES;
				CLANG_WARN_COMMA = YES;
				CLANG_WARN_CONSTANT_CONVERSION = YES;
				CLANG_WARN_DEPRECATED_OBJC_IMPLEMENTATIONS = YES;
				CLANG_WARN_DIRECT_OBJC_ISA_USAGE = YES_ERROR;
				CLANG_WARN_DOCUMENTATION_COMMENTS = YES;
				CLANG_WARN_EMPTY_BODY = YES;
				CLANG_WARN_ENUM_CONVERSION = YES;
				CLANG_WARN_INFINITE_RECURSION = YES;
				CLANG_WARN_INT_CONVERSION = YES;
				CLANG_WARN_NON_LITERAL_NULL_CONVERSION = YES;
				CLANG_WARN_OBJC_IMPLICIT_RETAIN_SELF = YES;
				CLANG_WARN_OBJC_LITERAL_CONVERSION = YES;
				CLANG_WARN_OBJC_ROOT_CLASS = YES_ERROR;
				CLANG_WARN_QUOTED_INCLUDE_IN_FRAMEWORK_HEADER = YES;
				CLANG_WARN_RANGE_LOOP_ANALYSIS = YES;
				CLANG_WARN_STRICT_PROTOTYPES = YES;
				CLANG_WARN_SUSPICIOUS_MOVE = YES;
				CLANG_WARN_UNGUARDED_AVAILABILITY = YES_AGGRESSIVE;
				CLANG_WARN_UNREACHABLE_CODE = YES;
				CLANG_WARN__DUPLICATE_METHOD_MATCH = YES;
				COPY_PHASE_STRIP = NO;
				DEBUG_INFORMATION_FORMAT = "dwarf-with-dsym";
				ENABLE_NS_ASSERTIONS = NO;
				ENABLE_STRICT_OBJC_MSGSEND = YES;
				GCC_C_LANGUAGE_STANDARD = gnu11;
				GCC_NO_COMMON_BLOCKS = YES;
				GCC_WARN_64_TO_32_BIT_CONVERSION = YES;
				GCC_WARN_ABOUT_RETURN_TYPE = YES_ERROR;
				GCC_WARN_UNDECLARED_SELECTOR = YES;
				GCC_WARN_UNINITIALIZED_AUTOS = YES_AGGRESSIVE;
				GCC_WARN_UNUSED_FUNCTION = YES;
				GCC_WARN_UNUSED_VARIABLE = YES;
				IPHONEOS_DEPLOYMENT_TARGET = 16.2;
				MTL_ENABLE_DEBUG_INFO = NO;
				MTL_FAST_MATH = YES;
				SDKROOT = iphoneos;
				SWIFT_COMPILATION_MODE = wholemodule;
				SWIFT_OPTIMIZATION_LEVEL = "-O";
				VALIDATE_PRODUCT = YES;
			};
			name = Release;
		};
		614C95F629C08DC8004C1397 /* Debug */ = {
			isa = XCBuildConfiguration;
			baseConfigurationReference = A7A17968C57506561EDCF66A /* Pods-Geely.debug.xcconfig */;
			buildSettings = {
				ASSETCATALOG_COMPILER_APPICON_NAME = AppIcon;
				ASSETCATALOG_COMPILER_GLOBAL_ACCENT_COLOR_NAME = AccentColor;
				CODE_SIGN_STYLE = Automatic;
				CURRENT_PROJECT_VERSION = 1;
				DEVELOPMENT_TEAM = 2KUPH4WU24;
				GENERATE_INFOPLIST_FILE = YES;
				INFOPLIST_FILE = Geely/Info.plist;
				INFOPLIST_KEY_UIApplicationSupportsIndirectInputEvents = YES;
				INFOPLIST_KEY_UILaunchStoryboardName = LaunchScreen;
				INFOPLIST_KEY_UIMainStoryboardFile = Main;
				INFOPLIST_KEY_UISupportedInterfaceOrientations_iPad = "UIInterfaceOrientationPortrait UIInterfaceOrientationPortraitUpsideDown UIInterfaceOrientationLandscapeLeft UIInterfaceOrientationLandscapeRight";
				INFOPLIST_KEY_UISupportedInterfaceOrientations_iPhone = "UIInterfaceOrientationPortrait UIInterfaceOrientationLandscapeLeft UIInterfaceOrientationLandscapeRight";
				IPHONEOS_DEPLOYMENT_TARGET = 15.0;
				LD_RUNPATH_SEARCH_PATHS = (
					"$(inherited)",
					"@executable_path/Frameworks",
				);
				MARKETING_VERSION = 1.0;
				PRODUCT_BUNDLE_IDENTIFIER = LaithQasem.Geely;
				PRODUCT_NAME = "$(TARGET_NAME)";
				SWIFT_EMIT_LOC_STRINGS = YES;
				SWIFT_VERSION = 5.0;
				TARGETED_DEVICE_FAMILY = "1,2";
			};
			name = Debug;
		};
		614C95F729C08DC8004C1397 /* Release */ = {
			isa = XCBuildConfiguration;
			baseConfigurationReference = 55AC74C0500A329D051B9780 /* Pods-Geely.release.xcconfig */;
			buildSettings = {
				ASSETCATALOG_COMPILER_APPICON_NAME = AppIcon;
				ASSETCATALOG_COMPILER_GLOBAL_ACCENT_COLOR_NAME = AccentColor;
				CODE_SIGN_STYLE = Automatic;
				CURRENT_PROJECT_VERSION = 1;
				DEVELOPMENT_TEAM = 2KUPH4WU24;
				GENERATE_INFOPLIST_FILE = YES;
				INFOPLIST_FILE = Geely/Info.plist;
				INFOPLIST_KEY_UIApplicationSupportsIndirectInputEvents = YES;
				INFOPLIST_KEY_UILaunchStoryboardName = LaunchScreen;
				INFOPLIST_KEY_UIMainStoryboardFile = Main;
				INFOPLIST_KEY_UISupportedInterfaceOrientations_iPad = "UIInterfaceOrientationPortrait UIInterfaceOrientationPortraitUpsideDown UIInterfaceOrientationLandscapeLeft UIInterfaceOrientationLandscapeRight";
				INFOPLIST_KEY_UISupportedInterfaceOrientations_iPhone = "UIInterfaceOrientationPortrait UIInterfaceOrientationLandscapeLeft UIInterfaceOrientationLandscapeRight";
				IPHONEOS_DEPLOYMENT_TARGET = 15.0;
				LD_RUNPATH_SEARCH_PATHS = (
					"$(inherited)",
					"@executable_path/Frameworks",
				);
				MARKETING_VERSION = 1.0;
				PRODUCT_BUNDLE_IDENTIFIER = LaithQasem.Geely;
				PRODUCT_NAME = "$(TARGET_NAME)";
				SWIFT_EMIT_LOC_STRINGS = YES;
				SWIFT_VERSION = 5.0;
				TARGETED_DEVICE_FAMILY = "1,2";
			};
			name = Release;
		};
		614C95F929C08DC8004C1397 /* Debug */ = {
			isa = XCBuildConfiguration;
			baseConfigurationReference = 71169251EB554729B0363167 /* Pods-GeelyTests.debug.xcconfig */;
			buildSettings = {
				ALWAYS_EMBED_SWIFT_STANDARD_LIBRARIES = YES;
				BUNDLE_LOADER = "$(TEST_HOST)";
				CODE_SIGN_STYLE = Automatic;
				CURRENT_PROJECT_VERSION = 1;
				GENERATE_INFOPLIST_FILE = YES;
				IPHONEOS_DEPLOYMENT_TARGET = 16.2;
				MARKETING_VERSION = 1.0;
				PRODUCT_BUNDLE_IDENTIFIER = LaithQasem.GeelyTests;
				PRODUCT_NAME = "$(TARGET_NAME)";
				SWIFT_EMIT_LOC_STRINGS = NO;
				SWIFT_VERSION = 5.0;
				TARGETED_DEVICE_FAMILY = "1,2";
				TEST_HOST = "$(BUILT_PRODUCTS_DIR)/Geely.app/$(BUNDLE_EXECUTABLE_FOLDER_PATH)/Geely";
			};
			name = Debug;
		};
		614C95FA29C08DC8004C1397 /* Release */ = {
			isa = XCBuildConfiguration;
			baseConfigurationReference = B66548BF7E2E78B3A6751B0C /* Pods-GeelyTests.release.xcconfig */;
			buildSettings = {
				ALWAYS_EMBED_SWIFT_STANDARD_LIBRARIES = YES;
				BUNDLE_LOADER = "$(TEST_HOST)";
				CODE_SIGN_STYLE = Automatic;
				CURRENT_PROJECT_VERSION = 1;
				GENERATE_INFOPLIST_FILE = YES;
				IPHONEOS_DEPLOYMENT_TARGET = 16.2;
				MARKETING_VERSION = 1.0;
				PRODUCT_BUNDLE_IDENTIFIER = LaithQasem.GeelyTests;
				PRODUCT_NAME = "$(TARGET_NAME)";
				SWIFT_EMIT_LOC_STRINGS = NO;
				SWIFT_VERSION = 5.0;
				TARGETED_DEVICE_FAMILY = "1,2";
				TEST_HOST = "$(BUILT_PRODUCTS_DIR)/Geely.app/$(BUNDLE_EXECUTABLE_FOLDER_PATH)/Geely";
			};
			name = Release;
		};
		614C95FC29C08DC8004C1397 /* Debug */ = {
			isa = XCBuildConfiguration;
			baseConfigurationReference = 0715783F1E2D692C89C3BBB4 /* Pods-Geely-GeelyUITests.debug.xcconfig */;
			buildSettings = {
				ALWAYS_EMBED_SWIFT_STANDARD_LIBRARIES = YES;
				CODE_SIGN_STYLE = Automatic;
				CURRENT_PROJECT_VERSION = 1;
				GENERATE_INFOPLIST_FILE = YES;
				MARKETING_VERSION = 1.0;
				PRODUCT_BUNDLE_IDENTIFIER = LaithQasem.GeelyUITests;
				PRODUCT_NAME = "$(TARGET_NAME)";
				SWIFT_EMIT_LOC_STRINGS = NO;
				SWIFT_VERSION = 5.0;
				TARGETED_DEVICE_FAMILY = "1,2";
				TEST_TARGET_NAME = Geely;
			};
			name = Debug;
		};
		614C95FD29C08DC8004C1397 /* Release */ = {
			isa = XCBuildConfiguration;
			baseConfigurationReference = E456A736079DAB18B2D04125 /* Pods-Geely-GeelyUITests.release.xcconfig */;
			buildSettings = {
				ALWAYS_EMBED_SWIFT_STANDARD_LIBRARIES = YES;
				CODE_SIGN_STYLE = Automatic;
				CURRENT_PROJECT_VERSION = 1;
				GENERATE_INFOPLIST_FILE = YES;
				MARKETING_VERSION = 1.0;
				PRODUCT_BUNDLE_IDENTIFIER = LaithQasem.GeelyUITests;
				PRODUCT_NAME = "$(TARGET_NAME)";
				SWIFT_EMIT_LOC_STRINGS = NO;
				SWIFT_VERSION = 5.0;
				TARGETED_DEVICE_FAMILY = "1,2";
				TEST_TARGET_NAME = Geely;
			};
			name = Release;
		};
/* End XCBuildConfiguration section */

/* Begin XCConfigurationList section */
		614C95C629C08DB2004C1397 /* Build configuration list for PBXProject "Geely" */ = {
			isa = XCConfigurationList;
			buildConfigurations = (
				614C95F329C08DC8004C1397 /* Debug */,
				614C95F429C08DC8004C1397 /* Release */,
			);
			defaultConfigurationIsVisible = 0;
			defaultConfigurationName = Release;
		};
		614C95F529C08DC8004C1397 /* Build configuration list for PBXNativeTarget "Geely" */ = {
			isa = XCConfigurationList;
			buildConfigurations = (
				614C95F629C08DC8004C1397 /* Debug */,
				614C95F729C08DC8004C1397 /* Release */,
			);
			defaultConfigurationIsVisible = 0;
			defaultConfigurationName = Release;
		};
		614C95F829C08DC8004C1397 /* Build configuration list for PBXNativeTarget "GeelyTests" */ = {
			isa = XCConfigurationList;
			buildConfigurations = (
				614C95F929C08DC8004C1397 /* Debug */,
				614C95FA29C08DC8004C1397 /* Release */,
			);
			defaultConfigurationIsVisible = 0;
			defaultConfigurationName = Release;
		};
		614C95FB29C08DC8004C1397 /* Build configuration list for PBXNativeTarget "GeelyUITests" */ = {
			isa = XCConfigurationList;
			buildConfigurations = (
				614C95FC29C08DC8004C1397 /* Debug */,
				614C95FD29C08DC8004C1397 /* Release */,
			);
			defaultConfigurationIsVisible = 0;
			defaultConfigurationName = Release;
		};
/* End XCConfigurationList section */
	};
	rootObject = 614C95C329C08DB2004C1397 /* Project object */;
}
